
Microsoft Visual Studio Solution File, Format Version 12.00
# Visual Studio Version 16
VisualStudioVersion = 16.0.29509.3
MinimumVisualStudioVersion = 15.0.26124.0
Project("{2150E333-8FDC-42A3-9474-1A3956D46DE8}") = "tests", "tests", "{E40A65C9-13A9-4EA6-918C-5A7BA10F48B3}"
EndProject
Project("{9A19103F-16F7-4668-BE54-9A1E7A4F7556}") = "TextFormattingTests", "tests\TextFormattingTests\TextFormattingTests.csproj", "{59307385-4C27-41B0-9DB2-DA2E142F91BA}"
EndProject
Project("{9A19103F-16F7-4668-BE54-9A1E7A4F7556}") = "BlowingFuseTests", "tests\BlowingFuseTests\BlowingFuseTests.csproj", "{A2459BAF-E2C3-4E8C-A4FA-C14C2BA3342A}"
EndProject
Project("{9A19103F-16F7-4668-BE54-9A1E7A4F7556}") = "RookMovementsTest", "tests\RookMovementsTest\RookMovementsTest.csproj", "{C7005847-2584-4AD8-B435-EA434FF7C997}"
EndProject
Project("{2150E333-8FDC-42A3-9474-1A3956D46DE8}") = "src", "src", "{60C324E6-2EC9-49E5-AB72-8F515D9584DE}"
EndProject
Project("{9A19103F-16F7-4668-BE54-9A1E7A4F7556}") = "1D Spreadseet", "src\1D Spreadseet\1D Spreadseet.csproj", "{413CA8A4-1BF0-4A3D-9B1A-5BC4D4C0339B}"
EndProject
Project("{9A19103F-16F7-4668-BE54-9A1E7A4F7556}") = "BankRobbers", "src\BankRobbers\BankRobbers.csproj", "{A64C134E-2A29-4F3D-AE1C-A59F0364E6FA}"
EndProject
Project("{9A19103F-16F7-4668-BE54-9A1E7A4F7556}") = "BlowingFuse", "src\BlowingFuse\BlowingFuse.csproj", "{A785416A-748F-4AF6-A931-B16D5BB34379}"
EndProject
Project("{9A19103F-16F7-4668-BE54-9A1E7A4F7556}") = "ChuckNorris", "src\ChuckNorris\ChuckNorris.csproj", "{70955371-65D5-45E9-A087-DE009E0D05F8}"
EndProject
Project("{9A19103F-16F7-4668-BE54-9A1E7A4F7556}") = "EnigmaMachine", "src\EnigmaMachine\EnigmaMachine.csproj", "{FDCF1DBC-A792-4D56-AA3F-916E7E4AADC7}"
EndProject
Project("{9A19103F-16F7-4668-BE54-9A1E7A4F7556}") = "HiddenWord", "src\HiddenWord\HiddenWord.csproj", "{363F9291-D509-4905-B59D-E0982E4BA5AA}"
EndProject
Project("{9A19103F-16F7-4668-BE54-9A1E7A4F7556}") = "OrderOfSuccession", "src\OrderOfSuccession\OrderOfSuccession.csproj", "{5953936C-633B-406F-B6F3-51E37AA32143}"
EndProject
Project("{9A19103F-16F7-4668-BE54-9A1E7A4F7556}") = "RectanglePartition", "src\RectanglePartition\RectanglePartition.csproj", "{8AD22E28-5881-4698-B981-DBBA1BFE6B27}"
EndProject
Project("{9A19103F-16F7-4668-BE54-9A1E7A4F7556}") = "Rooks Movements", "src\Rooks Movements\Rooks Movements.csproj", "{8C32C000-07C6-4FDA-9CA6-D188D29B415F}"
EndProject
Project("{9A19103F-16F7-4668-BE54-9A1E7A4F7556}") = "TextFormatting", "src\TextFormatting\TextFormatting.csproj", "{10271684-959C-4722-86F2-0CDFAB634D8B}"
EndProject
Project("{9A19103F-16F7-4668-BE54-9A1E7A4F7556}") = "TheRiverI", "src\TheRiverI\TheRiverI.csproj", "{107EF186-3347-47FC-BA78-49DC34E8C21B}"
EndProject
Project("{9A19103F-16F7-4668-BE54-9A1E7A4F7556}") = "TuringMachine", "src\TuringMachine\TuringMachine.csproj", "{6CB6D2B5-0C58-4877-86B4-130973E0A137}"
EndProject
Project("{9A19103F-16F7-4668-BE54-9A1E7A4F7556}") = "brackets_extreme", "src\brackets_extreme\brackets_extreme.csproj", "{89563866-D370-4534-B9D7-D6B369AF7668}"
EndProject
Project("{9A19103F-16F7-4668-BE54-9A1E7A4F7556}") = "HowTimeFlies", "src\HowTimeFlies\HowTimeFlies.csproj", "{79032685-28ED-4A03-822B-21530FC6F0AB}"
EndProject
Project("{9A19103F-16F7-4668-BE54-9A1E7A4F7556}") = "HowTimeFliesTests", "tests\HowTimeFliesTests\HowTimeFliesTests.csproj", "{BE6D78A4-4E6F-4D3E-83B9-9E2CEE1196B8}"
EndProject
Project("{9A19103F-16F7-4668-BE54-9A1E7A4F7556}") = "AStoryToGoInCircles", "src\AStoryToGoInCircles\AStoryToGoInCircles.csproj", "{51A815C2-5ABA-42A0-8966-A8290EE040A2}"
EndProject
Project("{9A19103F-16F7-4668-BE54-9A1E7A4F7556}") = "AStoryToGoInCircles.Test", "tests\AStoryToGoInCircles.Test\AStoryToGoInCircles.Test.csproj", "{0C7E6869-4474-4FE3-8692-94C217A11CF5}"
EndProject
Project("{9A19103F-16F7-4668-BE54-9A1E7A4F7556}") = "IsbnCheckDigit", "src\IsbnCheckDigit\IsbnCheckDigit.csproj", "{E54ACB44-2B9B-42A8-AFA0-0868FFF7021C}"
EndProject
Project("{9A19103F-16F7-4668-BE54-9A1E7A4F7556}") = "IsbnCheckDigitTests", "tests\IsbnCheckDigitTests\IsbnCheckDigitTests.csproj", "{95193B96-6D71-47E9-9405-1AEB742567A8}"
EndProject
Project("{9A19103F-16F7-4668-BE54-9A1E7A4F7556}") = "Xml_Mdf_2019", "src\Xml_Mdf_2019\Xml_Mdf_2019.csproj", "{87F08003-F928-4411-BA1F-5054B9D9664B}"
EndProject
Project("{9A19103F-16F7-4668-BE54-9A1E7A4F7556}") = "Xml_Mdf_2019.Tests", "tests\Xml_Mdf_2019.Tests\Xml_Mdf_2019.Tests.csproj", "{5F8C2B0B-B601-447D-BD02-713219474241}"
EndProject
Project("{9A19103F-16F7-4668-BE54-9A1E7A4F7556}") = "LongestStringOfOnes", "src\LongestStringOfOnes\LongestStringOfOnes.csproj", "{48A3C415-D8D5-489B-872B-72A906178510}"
EndProject
Project("{9A19103F-16F7-4668-BE54-9A1E7A4F7556}") = "HungerGames", "src\HungerGames\HungerGames.csproj", "{2AAD58C9-BC82-40AF-BEA8-D0D8459F472F}"
EndProject
Project("{2150E333-8FDC-42A3-9474-1A3956D46DE8}") = "Solution Items", "Solution Items", "{17337C44-02ED-45E4-B140-8A990EC58D8C}"
EndProject
Project("{9A19103F-16F7-4668-BE54-9A1E7A4F7556}") = "HiddenWordTests", "tests\HiddenWord\HiddenWordTests.csproj", "{72AC5A3A-BF67-422A-BADB-F7370CDF8C15}"
EndProject
Project("{9A19103F-16F7-4668-BE54-9A1E7A4F7556}") = "SpringChallenge2020", "src\SpringChallenge2020\SpringChallenge2020.csproj", "{3998EB6A-77F1-4179-89F1-25C6820D82D2}"
EndProject
Project("{9A19103F-16F7-4668-BE54-9A1E7A4F7556}") = "RockPaperScissorsLizardSpock", "src\RockPaperScissorsLizardSpock\RockPaperScissorsLizardSpock.csproj", "{B6E9C6E7-1B76-4ABF-BF74-0E2B652D33E7}"
EndProject
Project("{9A19103F-16F7-4668-BE54-9A1E7A4F7556}") = "RockPaperScissorsLizardSpock.Test", "tests\RockPaperScissorsLizardSpock.Test\RockPaperScissorsLizardSpock.Test.csproj", "{D5E945D9-4E4E-489C-9B3C-84D0D1FB22E5}"
EndProject
Project("{9A19103F-16F7-4668-BE54-9A1E7A4F7556}") = "PlagueJunior", "src\PlagueJunior\PlagueJunior.csproj", "{675A7375-D4C8-4225-A880-F842494CEB23}"
EndProject
Project("{9A19103F-16F7-4668-BE54-9A1E7A4F7556}") = "PlagueJunior.Test", "tests\PlaugeJunior.Test\PlagueJunior.Test.csproj", "{9B9FD8B3-052C-4533-BEAA-C2DF3AD8745A}"
EndProject
Project("{9A19103F-16F7-4668-BE54-9A1E7A4F7556}") = "TwoZeroFourEight.Test", "tests\TwoZeroFourEight.Test\TwoZeroFourEight.Test.csproj", "{29AB0F12-798B-4E00-A186-1D76B88BB263}"
EndProject
Project("{9A19103F-16F7-4668-BE54-9A1E7A4F7556}") = "TwoZeroFourEight", "src\TwoZeroFourEight\TwoZeroFourEight.csproj", "{80E8D3F3-D1ED-4227-B480-FA6B4ADA2C42}"
EndProject
Project("{9A19103F-16F7-4668-BE54-9A1E7A4F7556}") = "ObsoleteProgramming", "src\ObsoleteProgramming\ObsoleteProgramming.csproj", "{01D3C6C4-CEA9-44D6-903B-BA4505A40301}"
EndProject
Project("{9A19103F-16F7-4668-BE54-9A1E7A4F7556}") = "ObsoleteProgrammingTests", "tests\ObsoleteProgrammingTests\ObsoleteProgrammingTests.csproj", "{2D37C2C6-A0C2-402E-BB19-B131AB910078}"
EndProject
Project("{9A19103F-16F7-4668-BE54-9A1E7A4F7556}") = "CodeVsZombies", "src\CodeVsZombies\CodeVsZombies.csproj", "{A5C73303-DD7D-4487-9DE6-5CD831CD636F}"
EndProject
Project("{9A19103F-16F7-4668-BE54-9A1E7A4F7556}") = "CodeVsZombiesTests", "tests\CodeVsZombiesTests\CodeVsZombiesTests.csproj", "{398A5E70-935B-4E86-89BB-894020494E11}"
EndProject
Project("{FAE04EC0-301F-11D3-BF4B-00C04F79EFBC}") = "Asteroids", "src\Asteroids\Asteroids.csproj", "{627DCFA4-E81C-467E-9FE3-D9A17159875D}"
EndProject
Project("{FAE04EC0-301F-11D3-BF4B-00C04F79EFBC}") = "AsteroidsTests", "tests\AsteroidsTests\AsteroidsTests.csproj", "{FA85EB9B-16DA-41E4-9202-98F7E61A680B}"
EndProject
Project("{FAE04EC0-301F-11D3-BF4B-00C04F79EFBC}") = "ANEOSponsoredPuzzle_001", "src\ANEOSponsoredPuzzle_001\ANEOSponsoredPuzzle_001.csproj", "{984D8A63-9669-4049-8A32-6B9508E67145}"
EndProject
Project("{FAE04EC0-301F-11D3-BF4B-00C04F79EFBC}") = "ANEOSponsoredPuzzleTests_001", "tests\ANEOSponsoredPuzzleTests_001\ANEOSponsoredPuzzleTests_001.csproj", "{A8A629D7-664F-4907-86E5-69022D94B57F}"
EndProject
Project("{FAE04EC0-301F-11D3-BF4B-00C04F79EFBC}") = "TheLabyrinth", "src\TheLabyrinth\TheLabyrinth.csproj", "{5326DE3A-FF62-46D5-9B16-41B59EABC65A}"
EndProject
Project("{FAE04EC0-301F-11D3-BF4B-00C04F79EFBC}") = "TheLabyrinthTests", "tests\TheLabyrinthTests\TheLabyrinthTests.csproj", "{C86B361C-45C8-4190-AAF3-4F8A807750BC}"
EndProject
Global
	GlobalSection(SolutionConfigurationPlatforms) = preSolution
		Debug|Any CPU = Debug|Any CPU
		Debug|x64 = Debug|x64
		Debug|x86 = Debug|x86
		Release|Any CPU = Release|Any CPU
		Release|x64 = Release|x64
		Release|x86 = Release|x86
	EndGlobalSection
	GlobalSection(ProjectConfigurationPlatforms) = postSolution
		{59307385-4C27-41B0-9DB2-DA2E142F91BA}.Debug|Any CPU.ActiveCfg = Debug|Any CPU
		{59307385-4C27-41B0-9DB2-DA2E142F91BA}.Debug|Any CPU.Build.0 = Debug|Any CPU
		{59307385-4C27-41B0-9DB2-DA2E142F91BA}.Debug|x64.ActiveCfg = Debug|Any CPU
		{59307385-4C27-41B0-9DB2-DA2E142F91BA}.Debug|x64.Build.0 = Debug|Any CPU
		{59307385-4C27-41B0-9DB2-DA2E142F91BA}.Debug|x86.ActiveCfg = Debug|Any CPU
		{59307385-4C27-41B0-9DB2-DA2E142F91BA}.Debug|x86.Build.0 = Debug|Any CPU
		{59307385-4C27-41B0-9DB2-DA2E142F91BA}.Release|Any CPU.ActiveCfg = Release|Any CPU
		{59307385-4C27-41B0-9DB2-DA2E142F91BA}.Release|Any CPU.Build.0 = Release|Any CPU
		{59307385-4C27-41B0-9DB2-DA2E142F91BA}.Release|x64.ActiveCfg = Release|Any CPU
		{59307385-4C27-41B0-9DB2-DA2E142F91BA}.Release|x64.Build.0 = Release|Any CPU
		{59307385-4C27-41B0-9DB2-DA2E142F91BA}.Release|x86.ActiveCfg = Release|Any CPU
		{59307385-4C27-41B0-9DB2-DA2E142F91BA}.Release|x86.Build.0 = Release|Any CPU
		{A2459BAF-E2C3-4E8C-A4FA-C14C2BA3342A}.Debug|Any CPU.ActiveCfg = Debug|Any CPU
		{A2459BAF-E2C3-4E8C-A4FA-C14C2BA3342A}.Debug|Any CPU.Build.0 = Debug|Any CPU
		{A2459BAF-E2C3-4E8C-A4FA-C14C2BA3342A}.Debug|x64.ActiveCfg = Debug|Any CPU
		{A2459BAF-E2C3-4E8C-A4FA-C14C2BA3342A}.Debug|x64.Build.0 = Debug|Any CPU
		{A2459BAF-E2C3-4E8C-A4FA-C14C2BA3342A}.Debug|x86.ActiveCfg = Debug|Any CPU
		{A2459BAF-E2C3-4E8C-A4FA-C14C2BA3342A}.Debug|x86.Build.0 = Debug|Any CPU
		{A2459BAF-E2C3-4E8C-A4FA-C14C2BA3342A}.Release|Any CPU.ActiveCfg = Release|Any CPU
		{A2459BAF-E2C3-4E8C-A4FA-C14C2BA3342A}.Release|Any CPU.Build.0 = Release|Any CPU
		{A2459BAF-E2C3-4E8C-A4FA-C14C2BA3342A}.Release|x64.ActiveCfg = Release|Any CPU
		{A2459BAF-E2C3-4E8C-A4FA-C14C2BA3342A}.Release|x64.Build.0 = Release|Any CPU
		{A2459BAF-E2C3-4E8C-A4FA-C14C2BA3342A}.Release|x86.ActiveCfg = Release|Any CPU
		{A2459BAF-E2C3-4E8C-A4FA-C14C2BA3342A}.Release|x86.Build.0 = Release|Any CPU
		{C7005847-2584-4AD8-B435-EA434FF7C997}.Debug|Any CPU.ActiveCfg = Debug|Any CPU
		{C7005847-2584-4AD8-B435-EA434FF7C997}.Debug|Any CPU.Build.0 = Debug|Any CPU
		{C7005847-2584-4AD8-B435-EA434FF7C997}.Debug|x64.ActiveCfg = Debug|Any CPU
		{C7005847-2584-4AD8-B435-EA434FF7C997}.Debug|x64.Build.0 = Debug|Any CPU
		{C7005847-2584-4AD8-B435-EA434FF7C997}.Debug|x86.ActiveCfg = Debug|Any CPU
		{C7005847-2584-4AD8-B435-EA434FF7C997}.Debug|x86.Build.0 = Debug|Any CPU
		{C7005847-2584-4AD8-B435-EA434FF7C997}.Release|Any CPU.ActiveCfg = Release|Any CPU
		{C7005847-2584-4AD8-B435-EA434FF7C997}.Release|Any CPU.Build.0 = Release|Any CPU
		{C7005847-2584-4AD8-B435-EA434FF7C997}.Release|x64.ActiveCfg = Release|Any CPU
		{C7005847-2584-4AD8-B435-EA434FF7C997}.Release|x64.Build.0 = Release|Any CPU
		{C7005847-2584-4AD8-B435-EA434FF7C997}.Release|x86.ActiveCfg = Release|Any CPU
		{C7005847-2584-4AD8-B435-EA434FF7C997}.Release|x86.Build.0 = Release|Any CPU
		{413CA8A4-1BF0-4A3D-9B1A-5BC4D4C0339B}.Debug|Any CPU.ActiveCfg = Debug|Any CPU
		{413CA8A4-1BF0-4A3D-9B1A-5BC4D4C0339B}.Debug|Any CPU.Build.0 = Debug|Any CPU
		{413CA8A4-1BF0-4A3D-9B1A-5BC4D4C0339B}.Debug|x64.ActiveCfg = Debug|Any CPU
		{413CA8A4-1BF0-4A3D-9B1A-5BC4D4C0339B}.Debug|x64.Build.0 = Debug|Any CPU
		{413CA8A4-1BF0-4A3D-9B1A-5BC4D4C0339B}.Debug|x86.ActiveCfg = Debug|Any CPU
		{413CA8A4-1BF0-4A3D-9B1A-5BC4D4C0339B}.Debug|x86.Build.0 = Debug|Any CPU
		{413CA8A4-1BF0-4A3D-9B1A-5BC4D4C0339B}.Release|Any CPU.ActiveCfg = Release|Any CPU
		{413CA8A4-1BF0-4A3D-9B1A-5BC4D4C0339B}.Release|Any CPU.Build.0 = Release|Any CPU
		{413CA8A4-1BF0-4A3D-9B1A-5BC4D4C0339B}.Release|x64.ActiveCfg = Release|Any CPU
		{413CA8A4-1BF0-4A3D-9B1A-5BC4D4C0339B}.Release|x64.Build.0 = Release|Any CPU
		{413CA8A4-1BF0-4A3D-9B1A-5BC4D4C0339B}.Release|x86.ActiveCfg = Release|Any CPU
		{413CA8A4-1BF0-4A3D-9B1A-5BC4D4C0339B}.Release|x86.Build.0 = Release|Any CPU
		{A64C134E-2A29-4F3D-AE1C-A59F0364E6FA}.Debug|Any CPU.ActiveCfg = Debug|Any CPU
		{A64C134E-2A29-4F3D-AE1C-A59F0364E6FA}.Debug|Any CPU.Build.0 = Debug|Any CPU
		{A64C134E-2A29-4F3D-AE1C-A59F0364E6FA}.Debug|x64.ActiveCfg = Debug|Any CPU
		{A64C134E-2A29-4F3D-AE1C-A59F0364E6FA}.Debug|x64.Build.0 = Debug|Any CPU
		{A64C134E-2A29-4F3D-AE1C-A59F0364E6FA}.Debug|x86.ActiveCfg = Debug|Any CPU
		{A64C134E-2A29-4F3D-AE1C-A59F0364E6FA}.Debug|x86.Build.0 = Debug|Any CPU
		{A64C134E-2A29-4F3D-AE1C-A59F0364E6FA}.Release|Any CPU.ActiveCfg = Release|Any CPU
		{A64C134E-2A29-4F3D-AE1C-A59F0364E6FA}.Release|Any CPU.Build.0 = Release|Any CPU
		{A64C134E-2A29-4F3D-AE1C-A59F0364E6FA}.Release|x64.ActiveCfg = Release|Any CPU
		{A64C134E-2A29-4F3D-AE1C-A59F0364E6FA}.Release|x64.Build.0 = Release|Any CPU
		{A64C134E-2A29-4F3D-AE1C-A59F0364E6FA}.Release|x86.ActiveCfg = Release|Any CPU
		{A64C134E-2A29-4F3D-AE1C-A59F0364E6FA}.Release|x86.Build.0 = Release|Any CPU
		{A785416A-748F-4AF6-A931-B16D5BB34379}.Debug|Any CPU.ActiveCfg = Debug|Any CPU
		{A785416A-748F-4AF6-A931-B16D5BB34379}.Debug|Any CPU.Build.0 = Debug|Any CPU
		{A785416A-748F-4AF6-A931-B16D5BB34379}.Debug|x64.ActiveCfg = Debug|Any CPU
		{A785416A-748F-4AF6-A931-B16D5BB34379}.Debug|x64.Build.0 = Debug|Any CPU
		{A785416A-748F-4AF6-A931-B16D5BB34379}.Debug|x86.ActiveCfg = Debug|Any CPU
		{A785416A-748F-4AF6-A931-B16D5BB34379}.Debug|x86.Build.0 = Debug|Any CPU
		{A785416A-748F-4AF6-A931-B16D5BB34379}.Release|Any CPU.ActiveCfg = Release|Any CPU
		{A785416A-748F-4AF6-A931-B16D5BB34379}.Release|Any CPU.Build.0 = Release|Any CPU
		{A785416A-748F-4AF6-A931-B16D5BB34379}.Release|x64.ActiveCfg = Release|Any CPU
		{A785416A-748F-4AF6-A931-B16D5BB34379}.Release|x64.Build.0 = Release|Any CPU
		{A785416A-748F-4AF6-A931-B16D5BB34379}.Release|x86.ActiveCfg = Release|Any CPU
		{A785416A-748F-4AF6-A931-B16D5BB34379}.Release|x86.Build.0 = Release|Any CPU
		{70955371-65D5-45E9-A087-DE009E0D05F8}.Debug|Any CPU.ActiveCfg = Debug|Any CPU
		{70955371-65D5-45E9-A087-DE009E0D05F8}.Debug|Any CPU.Build.0 = Debug|Any CPU
		{70955371-65D5-45E9-A087-DE009E0D05F8}.Debug|x64.ActiveCfg = Debug|Any CPU
		{70955371-65D5-45E9-A087-DE009E0D05F8}.Debug|x64.Build.0 = Debug|Any CPU
		{70955371-65D5-45E9-A087-DE009E0D05F8}.Debug|x86.ActiveCfg = Debug|Any CPU
		{70955371-65D5-45E9-A087-DE009E0D05F8}.Debug|x86.Build.0 = Debug|Any CPU
		{70955371-65D5-45E9-A087-DE009E0D05F8}.Release|Any CPU.ActiveCfg = Release|Any CPU
		{70955371-65D5-45E9-A087-DE009E0D05F8}.Release|Any CPU.Build.0 = Release|Any CPU
		{70955371-65D5-45E9-A087-DE009E0D05F8}.Release|x64.ActiveCfg = Release|Any CPU
		{70955371-65D5-45E9-A087-DE009E0D05F8}.Release|x64.Build.0 = Release|Any CPU
		{70955371-65D5-45E9-A087-DE009E0D05F8}.Release|x86.ActiveCfg = Release|Any CPU
		{70955371-65D5-45E9-A087-DE009E0D05F8}.Release|x86.Build.0 = Release|Any CPU
		{FDCF1DBC-A792-4D56-AA3F-916E7E4AADC7}.Debug|Any CPU.ActiveCfg = Debug|Any CPU
		{FDCF1DBC-A792-4D56-AA3F-916E7E4AADC7}.Debug|Any CPU.Build.0 = Debug|Any CPU
		{FDCF1DBC-A792-4D56-AA3F-916E7E4AADC7}.Debug|x64.ActiveCfg = Debug|Any CPU
		{FDCF1DBC-A792-4D56-AA3F-916E7E4AADC7}.Debug|x64.Build.0 = Debug|Any CPU
		{FDCF1DBC-A792-4D56-AA3F-916E7E4AADC7}.Debug|x86.ActiveCfg = Debug|Any CPU
		{FDCF1DBC-A792-4D56-AA3F-916E7E4AADC7}.Debug|x86.Build.0 = Debug|Any CPU
		{FDCF1DBC-A792-4D56-AA3F-916E7E4AADC7}.Release|Any CPU.ActiveCfg = Release|Any CPU
		{FDCF1DBC-A792-4D56-AA3F-916E7E4AADC7}.Release|Any CPU.Build.0 = Release|Any CPU
		{FDCF1DBC-A792-4D56-AA3F-916E7E4AADC7}.Release|x64.ActiveCfg = Release|Any CPU
		{FDCF1DBC-A792-4D56-AA3F-916E7E4AADC7}.Release|x64.Build.0 = Release|Any CPU
		{FDCF1DBC-A792-4D56-AA3F-916E7E4AADC7}.Release|x86.ActiveCfg = Release|Any CPU
		{FDCF1DBC-A792-4D56-AA3F-916E7E4AADC7}.Release|x86.Build.0 = Release|Any CPU
		{363F9291-D509-4905-B59D-E0982E4BA5AA}.Debug|Any CPU.ActiveCfg = Debug|Any CPU
		{363F9291-D509-4905-B59D-E0982E4BA5AA}.Debug|Any CPU.Build.0 = Debug|Any CPU
		{363F9291-D509-4905-B59D-E0982E4BA5AA}.Debug|x64.ActiveCfg = Debug|Any CPU
		{363F9291-D509-4905-B59D-E0982E4BA5AA}.Debug|x64.Build.0 = Debug|Any CPU
		{363F9291-D509-4905-B59D-E0982E4BA5AA}.Debug|x86.ActiveCfg = Debug|Any CPU
		{363F9291-D509-4905-B59D-E0982E4BA5AA}.Debug|x86.Build.0 = Debug|Any CPU
		{363F9291-D509-4905-B59D-E0982E4BA5AA}.Release|Any CPU.ActiveCfg = Release|Any CPU
		{363F9291-D509-4905-B59D-E0982E4BA5AA}.Release|Any CPU.Build.0 = Release|Any CPU
		{363F9291-D509-4905-B59D-E0982E4BA5AA}.Release|x64.ActiveCfg = Release|Any CPU
		{363F9291-D509-4905-B59D-E0982E4BA5AA}.Release|x64.Build.0 = Release|Any CPU
		{363F9291-D509-4905-B59D-E0982E4BA5AA}.Release|x86.ActiveCfg = Release|Any CPU
		{363F9291-D509-4905-B59D-E0982E4BA5AA}.Release|x86.Build.0 = Release|Any CPU
		{5953936C-633B-406F-B6F3-51E37AA32143}.Debug|Any CPU.ActiveCfg = Debug|Any CPU
		{5953936C-633B-406F-B6F3-51E37AA32143}.Debug|Any CPU.Build.0 = Debug|Any CPU
		{5953936C-633B-406F-B6F3-51E37AA32143}.Debug|x64.ActiveCfg = Debug|Any CPU
		{5953936C-633B-406F-B6F3-51E37AA32143}.Debug|x64.Build.0 = Debug|Any CPU
		{5953936C-633B-406F-B6F3-51E37AA32143}.Debug|x86.ActiveCfg = Debug|Any CPU
		{5953936C-633B-406F-B6F3-51E37AA32143}.Debug|x86.Build.0 = Debug|Any CPU
		{5953936C-633B-406F-B6F3-51E37AA32143}.Release|Any CPU.ActiveCfg = Release|Any CPU
		{5953936C-633B-406F-B6F3-51E37AA32143}.Release|Any CPU.Build.0 = Release|Any CPU
		{5953936C-633B-406F-B6F3-51E37AA32143}.Release|x64.ActiveCfg = Release|Any CPU
		{5953936C-633B-406F-B6F3-51E37AA32143}.Release|x64.Build.0 = Release|Any CPU
		{5953936C-633B-406F-B6F3-51E37AA32143}.Release|x86.ActiveCfg = Release|Any CPU
		{5953936C-633B-406F-B6F3-51E37AA32143}.Release|x86.Build.0 = Release|Any CPU
		{8AD22E28-5881-4698-B981-DBBA1BFE6B27}.Debug|Any CPU.ActiveCfg = Debug|Any CPU
		{8AD22E28-5881-4698-B981-DBBA1BFE6B27}.Debug|Any CPU.Build.0 = Debug|Any CPU
		{8AD22E28-5881-4698-B981-DBBA1BFE6B27}.Debug|x64.ActiveCfg = Debug|Any CPU
		{8AD22E28-5881-4698-B981-DBBA1BFE6B27}.Debug|x64.Build.0 = Debug|Any CPU
		{8AD22E28-5881-4698-B981-DBBA1BFE6B27}.Debug|x86.ActiveCfg = Debug|Any CPU
		{8AD22E28-5881-4698-B981-DBBA1BFE6B27}.Debug|x86.Build.0 = Debug|Any CPU
		{8AD22E28-5881-4698-B981-DBBA1BFE6B27}.Release|Any CPU.ActiveCfg = Release|Any CPU
		{8AD22E28-5881-4698-B981-DBBA1BFE6B27}.Release|Any CPU.Build.0 = Release|Any CPU
		{8AD22E28-5881-4698-B981-DBBA1BFE6B27}.Release|x64.ActiveCfg = Release|Any CPU
		{8AD22E28-5881-4698-B981-DBBA1BFE6B27}.Release|x64.Build.0 = Release|Any CPU
		{8AD22E28-5881-4698-B981-DBBA1BFE6B27}.Release|x86.ActiveCfg = Release|Any CPU
		{8AD22E28-5881-4698-B981-DBBA1BFE6B27}.Release|x86.Build.0 = Release|Any CPU
		{8C32C000-07C6-4FDA-9CA6-D188D29B415F}.Debug|Any CPU.ActiveCfg = Debug|Any CPU
		{8C32C000-07C6-4FDA-9CA6-D188D29B415F}.Debug|Any CPU.Build.0 = Debug|Any CPU
		{8C32C000-07C6-4FDA-9CA6-D188D29B415F}.Debug|x64.ActiveCfg = Debug|Any CPU
		{8C32C000-07C6-4FDA-9CA6-D188D29B415F}.Debug|x64.Build.0 = Debug|Any CPU
		{8C32C000-07C6-4FDA-9CA6-D188D29B415F}.Debug|x86.ActiveCfg = Debug|Any CPU
		{8C32C000-07C6-4FDA-9CA6-D188D29B415F}.Debug|x86.Build.0 = Debug|Any CPU
		{8C32C000-07C6-4FDA-9CA6-D188D29B415F}.Release|Any CPU.ActiveCfg = Release|Any CPU
		{8C32C000-07C6-4FDA-9CA6-D188D29B415F}.Release|Any CPU.Build.0 = Release|Any CPU
		{8C32C000-07C6-4FDA-9CA6-D188D29B415F}.Release|x64.ActiveCfg = Release|Any CPU
		{8C32C000-07C6-4FDA-9CA6-D188D29B415F}.Release|x64.Build.0 = Release|Any CPU
		{8C32C000-07C6-4FDA-9CA6-D188D29B415F}.Release|x86.ActiveCfg = Release|Any CPU
		{8C32C000-07C6-4FDA-9CA6-D188D29B415F}.Release|x86.Build.0 = Release|Any CPU
		{10271684-959C-4722-86F2-0CDFAB634D8B}.Debug|Any CPU.ActiveCfg = Debug|Any CPU
		{10271684-959C-4722-86F2-0CDFAB634D8B}.Debug|Any CPU.Build.0 = Debug|Any CPU
		{10271684-959C-4722-86F2-0CDFAB634D8B}.Debug|x64.ActiveCfg = Debug|Any CPU
		{10271684-959C-4722-86F2-0CDFAB634D8B}.Debug|x64.Build.0 = Debug|Any CPU
		{10271684-959C-4722-86F2-0CDFAB634D8B}.Debug|x86.ActiveCfg = Debug|Any CPU
		{10271684-959C-4722-86F2-0CDFAB634D8B}.Debug|x86.Build.0 = Debug|Any CPU
		{10271684-959C-4722-86F2-0CDFAB634D8B}.Release|Any CPU.ActiveCfg = Release|Any CPU
		{10271684-959C-4722-86F2-0CDFAB634D8B}.Release|Any CPU.Build.0 = Release|Any CPU
		{10271684-959C-4722-86F2-0CDFAB634D8B}.Release|x64.ActiveCfg = Release|Any CPU
		{10271684-959C-4722-86F2-0CDFAB634D8B}.Release|x64.Build.0 = Release|Any CPU
		{10271684-959C-4722-86F2-0CDFAB634D8B}.Release|x86.ActiveCfg = Release|Any CPU
		{10271684-959C-4722-86F2-0CDFAB634D8B}.Release|x86.Build.0 = Release|Any CPU
		{107EF186-3347-47FC-BA78-49DC34E8C21B}.Debug|Any CPU.ActiveCfg = Debug|Any CPU
		{107EF186-3347-47FC-BA78-49DC34E8C21B}.Debug|Any CPU.Build.0 = Debug|Any CPU
		{107EF186-3347-47FC-BA78-49DC34E8C21B}.Debug|x64.ActiveCfg = Debug|Any CPU
		{107EF186-3347-47FC-BA78-49DC34E8C21B}.Debug|x64.Build.0 = Debug|Any CPU
		{107EF186-3347-47FC-BA78-49DC34E8C21B}.Debug|x86.ActiveCfg = Debug|Any CPU
		{107EF186-3347-47FC-BA78-49DC34E8C21B}.Debug|x86.Build.0 = Debug|Any CPU
		{107EF186-3347-47FC-BA78-49DC34E8C21B}.Release|Any CPU.ActiveCfg = Release|Any CPU
		{107EF186-3347-47FC-BA78-49DC34E8C21B}.Release|Any CPU.Build.0 = Release|Any CPU
		{107EF186-3347-47FC-BA78-49DC34E8C21B}.Release|x64.ActiveCfg = Release|Any CPU
		{107EF186-3347-47FC-BA78-49DC34E8C21B}.Release|x64.Build.0 = Release|Any CPU
		{107EF186-3347-47FC-BA78-49DC34E8C21B}.Release|x86.ActiveCfg = Release|Any CPU
		{107EF186-3347-47FC-BA78-49DC34E8C21B}.Release|x86.Build.0 = Release|Any CPU
		{6CB6D2B5-0C58-4877-86B4-130973E0A137}.Debug|Any CPU.ActiveCfg = Debug|Any CPU
		{6CB6D2B5-0C58-4877-86B4-130973E0A137}.Debug|Any CPU.Build.0 = Debug|Any CPU
		{6CB6D2B5-0C58-4877-86B4-130973E0A137}.Debug|x64.ActiveCfg = Debug|Any CPU
		{6CB6D2B5-0C58-4877-86B4-130973E0A137}.Debug|x64.Build.0 = Debug|Any CPU
		{6CB6D2B5-0C58-4877-86B4-130973E0A137}.Debug|x86.ActiveCfg = Debug|Any CPU
		{6CB6D2B5-0C58-4877-86B4-130973E0A137}.Debug|x86.Build.0 = Debug|Any CPU
		{6CB6D2B5-0C58-4877-86B4-130973E0A137}.Release|Any CPU.ActiveCfg = Release|Any CPU
		{6CB6D2B5-0C58-4877-86B4-130973E0A137}.Release|Any CPU.Build.0 = Release|Any CPU
		{6CB6D2B5-0C58-4877-86B4-130973E0A137}.Release|x64.ActiveCfg = Release|Any CPU
		{6CB6D2B5-0C58-4877-86B4-130973E0A137}.Release|x64.Build.0 = Release|Any CPU
		{6CB6D2B5-0C58-4877-86B4-130973E0A137}.Release|x86.ActiveCfg = Release|Any CPU
		{6CB6D2B5-0C58-4877-86B4-130973E0A137}.Release|x86.Build.0 = Release|Any CPU
		{89563866-D370-4534-B9D7-D6B369AF7668}.Debug|Any CPU.ActiveCfg = Debug|Any CPU
		{89563866-D370-4534-B9D7-D6B369AF7668}.Debug|Any CPU.Build.0 = Debug|Any CPU
		{89563866-D370-4534-B9D7-D6B369AF7668}.Debug|x64.ActiveCfg = Debug|Any CPU
		{89563866-D370-4534-B9D7-D6B369AF7668}.Debug|x64.Build.0 = Debug|Any CPU
		{89563866-D370-4534-B9D7-D6B369AF7668}.Debug|x86.ActiveCfg = Debug|Any CPU
		{89563866-D370-4534-B9D7-D6B369AF7668}.Debug|x86.Build.0 = Debug|Any CPU
		{89563866-D370-4534-B9D7-D6B369AF7668}.Release|Any CPU.ActiveCfg = Release|Any CPU
		{89563866-D370-4534-B9D7-D6B369AF7668}.Release|Any CPU.Build.0 = Release|Any CPU
		{89563866-D370-4534-B9D7-D6B369AF7668}.Release|x64.ActiveCfg = Release|Any CPU
		{89563866-D370-4534-B9D7-D6B369AF7668}.Release|x64.Build.0 = Release|Any CPU
		{89563866-D370-4534-B9D7-D6B369AF7668}.Release|x86.ActiveCfg = Release|Any CPU
		{89563866-D370-4534-B9D7-D6B369AF7668}.Release|x86.Build.0 = Release|Any CPU
		{79032685-28ED-4A03-822B-21530FC6F0AB}.Debug|Any CPU.ActiveCfg = Debug|Any CPU
		{79032685-28ED-4A03-822B-21530FC6F0AB}.Debug|Any CPU.Build.0 = Debug|Any CPU
		{79032685-28ED-4A03-822B-21530FC6F0AB}.Debug|x64.ActiveCfg = Debug|Any CPU
		{79032685-28ED-4A03-822B-21530FC6F0AB}.Debug|x64.Build.0 = Debug|Any CPU
		{79032685-28ED-4A03-822B-21530FC6F0AB}.Debug|x86.ActiveCfg = Debug|Any CPU
		{79032685-28ED-4A03-822B-21530FC6F0AB}.Debug|x86.Build.0 = Debug|Any CPU
		{79032685-28ED-4A03-822B-21530FC6F0AB}.Release|Any CPU.ActiveCfg = Release|Any CPU
		{79032685-28ED-4A03-822B-21530FC6F0AB}.Release|Any CPU.Build.0 = Release|Any CPU
		{79032685-28ED-4A03-822B-21530FC6F0AB}.Release|x64.ActiveCfg = Release|Any CPU
		{79032685-28ED-4A03-822B-21530FC6F0AB}.Release|x64.Build.0 = Release|Any CPU
		{79032685-28ED-4A03-822B-21530FC6F0AB}.Release|x86.ActiveCfg = Release|Any CPU
		{79032685-28ED-4A03-822B-21530FC6F0AB}.Release|x86.Build.0 = Release|Any CPU
		{BE6D78A4-4E6F-4D3E-83B9-9E2CEE1196B8}.Debug|Any CPU.ActiveCfg = Debug|Any CPU
		{BE6D78A4-4E6F-4D3E-83B9-9E2CEE1196B8}.Debug|Any CPU.Build.0 = Debug|Any CPU
		{BE6D78A4-4E6F-4D3E-83B9-9E2CEE1196B8}.Debug|x64.ActiveCfg = Debug|Any CPU
		{BE6D78A4-4E6F-4D3E-83B9-9E2CEE1196B8}.Debug|x64.Build.0 = Debug|Any CPU
		{BE6D78A4-4E6F-4D3E-83B9-9E2CEE1196B8}.Debug|x86.ActiveCfg = Debug|Any CPU
		{BE6D78A4-4E6F-4D3E-83B9-9E2CEE1196B8}.Debug|x86.Build.0 = Debug|Any CPU
		{BE6D78A4-4E6F-4D3E-83B9-9E2CEE1196B8}.Release|Any CPU.ActiveCfg = Release|Any CPU
		{BE6D78A4-4E6F-4D3E-83B9-9E2CEE1196B8}.Release|Any CPU.Build.0 = Release|Any CPU
		{BE6D78A4-4E6F-4D3E-83B9-9E2CEE1196B8}.Release|x64.ActiveCfg = Release|Any CPU
		{BE6D78A4-4E6F-4D3E-83B9-9E2CEE1196B8}.Release|x64.Build.0 = Release|Any CPU
		{BE6D78A4-4E6F-4D3E-83B9-9E2CEE1196B8}.Release|x86.ActiveCfg = Release|Any CPU
		{BE6D78A4-4E6F-4D3E-83B9-9E2CEE1196B8}.Release|x86.Build.0 = Release|Any CPU
		{51A815C2-5ABA-42A0-8966-A8290EE040A2}.Debug|Any CPU.ActiveCfg = Debug|Any CPU
		{51A815C2-5ABA-42A0-8966-A8290EE040A2}.Debug|Any CPU.Build.0 = Debug|Any CPU
		{51A815C2-5ABA-42A0-8966-A8290EE040A2}.Debug|x64.ActiveCfg = Debug|Any CPU
		{51A815C2-5ABA-42A0-8966-A8290EE040A2}.Debug|x64.Build.0 = Debug|Any CPU
		{51A815C2-5ABA-42A0-8966-A8290EE040A2}.Debug|x86.ActiveCfg = Debug|Any CPU
		{51A815C2-5ABA-42A0-8966-A8290EE040A2}.Debug|x86.Build.0 = Debug|Any CPU
		{51A815C2-5ABA-42A0-8966-A8290EE040A2}.Release|Any CPU.ActiveCfg = Release|Any CPU
		{51A815C2-5ABA-42A0-8966-A8290EE040A2}.Release|Any CPU.Build.0 = Release|Any CPU
		{51A815C2-5ABA-42A0-8966-A8290EE040A2}.Release|x64.ActiveCfg = Release|Any CPU
		{51A815C2-5ABA-42A0-8966-A8290EE040A2}.Release|x64.Build.0 = Release|Any CPU
		{51A815C2-5ABA-42A0-8966-A8290EE040A2}.Release|x86.ActiveCfg = Release|Any CPU
		{51A815C2-5ABA-42A0-8966-A8290EE040A2}.Release|x86.Build.0 = Release|Any CPU
		{0C7E6869-4474-4FE3-8692-94C217A11CF5}.Debug|Any CPU.ActiveCfg = Debug|Any CPU
		{0C7E6869-4474-4FE3-8692-94C217A11CF5}.Debug|Any CPU.Build.0 = Debug|Any CPU
		{0C7E6869-4474-4FE3-8692-94C217A11CF5}.Debug|x64.ActiveCfg = Debug|Any CPU
		{0C7E6869-4474-4FE3-8692-94C217A11CF5}.Debug|x64.Build.0 = Debug|Any CPU
		{0C7E6869-4474-4FE3-8692-94C217A11CF5}.Debug|x86.ActiveCfg = Debug|Any CPU
		{0C7E6869-4474-4FE3-8692-94C217A11CF5}.Debug|x86.Build.0 = Debug|Any CPU
		{0C7E6869-4474-4FE3-8692-94C217A11CF5}.Release|Any CPU.ActiveCfg = Release|Any CPU
		{0C7E6869-4474-4FE3-8692-94C217A11CF5}.Release|Any CPU.Build.0 = Release|Any CPU
		{0C7E6869-4474-4FE3-8692-94C217A11CF5}.Release|x64.ActiveCfg = Release|Any CPU
		{0C7E6869-4474-4FE3-8692-94C217A11CF5}.Release|x64.Build.0 = Release|Any CPU
		{0C7E6869-4474-4FE3-8692-94C217A11CF5}.Release|x86.ActiveCfg = Release|Any CPU
		{0C7E6869-4474-4FE3-8692-94C217A11CF5}.Release|x86.Build.0 = Release|Any CPU
		{E54ACB44-2B9B-42A8-AFA0-0868FFF7021C}.Debug|Any CPU.ActiveCfg = Debug|Any CPU
		{E54ACB44-2B9B-42A8-AFA0-0868FFF7021C}.Debug|Any CPU.Build.0 = Debug|Any CPU
		{E54ACB44-2B9B-42A8-AFA0-0868FFF7021C}.Debug|x64.ActiveCfg = Debug|Any CPU
		{E54ACB44-2B9B-42A8-AFA0-0868FFF7021C}.Debug|x64.Build.0 = Debug|Any CPU
		{E54ACB44-2B9B-42A8-AFA0-0868FFF7021C}.Debug|x86.ActiveCfg = Debug|Any CPU
		{E54ACB44-2B9B-42A8-AFA0-0868FFF7021C}.Debug|x86.Build.0 = Debug|Any CPU
		{E54ACB44-2B9B-42A8-AFA0-0868FFF7021C}.Release|Any CPU.ActiveCfg = Release|Any CPU
		{E54ACB44-2B9B-42A8-AFA0-0868FFF7021C}.Release|Any CPU.Build.0 = Release|Any CPU
		{E54ACB44-2B9B-42A8-AFA0-0868FFF7021C}.Release|x64.ActiveCfg = Release|Any CPU
		{E54ACB44-2B9B-42A8-AFA0-0868FFF7021C}.Release|x64.Build.0 = Release|Any CPU
		{E54ACB44-2B9B-42A8-AFA0-0868FFF7021C}.Release|x86.ActiveCfg = Release|Any CPU
		{E54ACB44-2B9B-42A8-AFA0-0868FFF7021C}.Release|x86.Build.0 = Release|Any CPU
		{95193B96-6D71-47E9-9405-1AEB742567A8}.Debug|Any CPU.ActiveCfg = Debug|Any CPU
		{95193B96-6D71-47E9-9405-1AEB742567A8}.Debug|Any CPU.Build.0 = Debug|Any CPU
		{95193B96-6D71-47E9-9405-1AEB742567A8}.Debug|x64.ActiveCfg = Debug|Any CPU
		{95193B96-6D71-47E9-9405-1AEB742567A8}.Debug|x64.Build.0 = Debug|Any CPU
		{95193B96-6D71-47E9-9405-1AEB742567A8}.Debug|x86.ActiveCfg = Debug|Any CPU
		{95193B96-6D71-47E9-9405-1AEB742567A8}.Debug|x86.Build.0 = Debug|Any CPU
		{95193B96-6D71-47E9-9405-1AEB742567A8}.Release|Any CPU.ActiveCfg = Release|Any CPU
		{95193B96-6D71-47E9-9405-1AEB742567A8}.Release|Any CPU.Build.0 = Release|Any CPU
		{95193B96-6D71-47E9-9405-1AEB742567A8}.Release|x64.ActiveCfg = Release|Any CPU
		{95193B96-6D71-47E9-9405-1AEB742567A8}.Release|x64.Build.0 = Release|Any CPU
		{95193B96-6D71-47E9-9405-1AEB742567A8}.Release|x86.ActiveCfg = Release|Any CPU
		{95193B96-6D71-47E9-9405-1AEB742567A8}.Release|x86.Build.0 = Release|Any CPU
		{87F08003-F928-4411-BA1F-5054B9D9664B}.Debug|Any CPU.ActiveCfg = Debug|Any CPU
		{87F08003-F928-4411-BA1F-5054B9D9664B}.Debug|Any CPU.Build.0 = Debug|Any CPU
		{87F08003-F928-4411-BA1F-5054B9D9664B}.Debug|x64.ActiveCfg = Debug|Any CPU
		{87F08003-F928-4411-BA1F-5054B9D9664B}.Debug|x64.Build.0 = Debug|Any CPU
		{87F08003-F928-4411-BA1F-5054B9D9664B}.Debug|x86.ActiveCfg = Debug|Any CPU
		{87F08003-F928-4411-BA1F-5054B9D9664B}.Debug|x86.Build.0 = Debug|Any CPU
		{87F08003-F928-4411-BA1F-5054B9D9664B}.Release|Any CPU.ActiveCfg = Release|Any CPU
		{87F08003-F928-4411-BA1F-5054B9D9664B}.Release|Any CPU.Build.0 = Release|Any CPU
		{87F08003-F928-4411-BA1F-5054B9D9664B}.Release|x64.ActiveCfg = Release|Any CPU
		{87F08003-F928-4411-BA1F-5054B9D9664B}.Release|x64.Build.0 = Release|Any CPU
		{87F08003-F928-4411-BA1F-5054B9D9664B}.Release|x86.ActiveCfg = Release|Any CPU
		{87F08003-F928-4411-BA1F-5054B9D9664B}.Release|x86.Build.0 = Release|Any CPU
		{5F8C2B0B-B601-447D-BD02-713219474241}.Debug|Any CPU.ActiveCfg = Debug|Any CPU
		{5F8C2B0B-B601-447D-BD02-713219474241}.Debug|Any CPU.Build.0 = Debug|Any CPU
		{5F8C2B0B-B601-447D-BD02-713219474241}.Debug|x64.ActiveCfg = Debug|Any CPU
		{5F8C2B0B-B601-447D-BD02-713219474241}.Debug|x64.Build.0 = Debug|Any CPU
		{5F8C2B0B-B601-447D-BD02-713219474241}.Debug|x86.ActiveCfg = Debug|Any CPU
		{5F8C2B0B-B601-447D-BD02-713219474241}.Debug|x86.Build.0 = Debug|Any CPU
		{5F8C2B0B-B601-447D-BD02-713219474241}.Release|Any CPU.ActiveCfg = Release|Any CPU
		{5F8C2B0B-B601-447D-BD02-713219474241}.Release|Any CPU.Build.0 = Release|Any CPU
		{5F8C2B0B-B601-447D-BD02-713219474241}.Release|x64.ActiveCfg = Release|Any CPU
		{5F8C2B0B-B601-447D-BD02-713219474241}.Release|x64.Build.0 = Release|Any CPU
		{5F8C2B0B-B601-447D-BD02-713219474241}.Release|x86.ActiveCfg = Release|Any CPU
		{5F8C2B0B-B601-447D-BD02-713219474241}.Release|x86.Build.0 = Release|Any CPU
		{48A3C415-D8D5-489B-872B-72A906178510}.Debug|Any CPU.ActiveCfg = Debug|Any CPU
		{48A3C415-D8D5-489B-872B-72A906178510}.Debug|Any CPU.Build.0 = Debug|Any CPU
		{48A3C415-D8D5-489B-872B-72A906178510}.Debug|x64.ActiveCfg = Debug|Any CPU
		{48A3C415-D8D5-489B-872B-72A906178510}.Debug|x64.Build.0 = Debug|Any CPU
		{48A3C415-D8D5-489B-872B-72A906178510}.Debug|x86.ActiveCfg = Debug|Any CPU
		{48A3C415-D8D5-489B-872B-72A906178510}.Debug|x86.Build.0 = Debug|Any CPU
		{48A3C415-D8D5-489B-872B-72A906178510}.Release|Any CPU.ActiveCfg = Release|Any CPU
		{48A3C415-D8D5-489B-872B-72A906178510}.Release|Any CPU.Build.0 = Release|Any CPU
		{48A3C415-D8D5-489B-872B-72A906178510}.Release|x64.ActiveCfg = Release|Any CPU
		{48A3C415-D8D5-489B-872B-72A906178510}.Release|x64.Build.0 = Release|Any CPU
		{48A3C415-D8D5-489B-872B-72A906178510}.Release|x86.ActiveCfg = Release|Any CPU
		{48A3C415-D8D5-489B-872B-72A906178510}.Release|x86.Build.0 = Release|Any CPU
		{2AAD58C9-BC82-40AF-BEA8-D0D8459F472F}.Debug|Any CPU.ActiveCfg = Debug|Any CPU
		{2AAD58C9-BC82-40AF-BEA8-D0D8459F472F}.Debug|Any CPU.Build.0 = Debug|Any CPU
		{2AAD58C9-BC82-40AF-BEA8-D0D8459F472F}.Debug|x64.ActiveCfg = Debug|Any CPU
		{2AAD58C9-BC82-40AF-BEA8-D0D8459F472F}.Debug|x64.Build.0 = Debug|Any CPU
		{2AAD58C9-BC82-40AF-BEA8-D0D8459F472F}.Debug|x86.ActiveCfg = Debug|Any CPU
		{2AAD58C9-BC82-40AF-BEA8-D0D8459F472F}.Debug|x86.Build.0 = Debug|Any CPU
		{2AAD58C9-BC82-40AF-BEA8-D0D8459F472F}.Release|Any CPU.ActiveCfg = Release|Any CPU
		{2AAD58C9-BC82-40AF-BEA8-D0D8459F472F}.Release|Any CPU.Build.0 = Release|Any CPU
		{2AAD58C9-BC82-40AF-BEA8-D0D8459F472F}.Release|x64.ActiveCfg = Release|Any CPU
		{2AAD58C9-BC82-40AF-BEA8-D0D8459F472F}.Release|x64.Build.0 = Release|Any CPU
		{2AAD58C9-BC82-40AF-BEA8-D0D8459F472F}.Release|x86.ActiveCfg = Release|Any CPU
		{2AAD58C9-BC82-40AF-BEA8-D0D8459F472F}.Release|x86.Build.0 = Release|Any CPU
		{72AC5A3A-BF67-422A-BADB-F7370CDF8C15}.Debug|Any CPU.ActiveCfg = Debug|Any CPU
		{72AC5A3A-BF67-422A-BADB-F7370CDF8C15}.Debug|Any CPU.Build.0 = Debug|Any CPU
		{72AC5A3A-BF67-422A-BADB-F7370CDF8C15}.Debug|x64.ActiveCfg = Debug|Any CPU
		{72AC5A3A-BF67-422A-BADB-F7370CDF8C15}.Debug|x64.Build.0 = Debug|Any CPU
		{72AC5A3A-BF67-422A-BADB-F7370CDF8C15}.Debug|x86.ActiveCfg = Debug|Any CPU
		{72AC5A3A-BF67-422A-BADB-F7370CDF8C15}.Debug|x86.Build.0 = Debug|Any CPU
		{72AC5A3A-BF67-422A-BADB-F7370CDF8C15}.Release|Any CPU.ActiveCfg = Release|Any CPU
		{72AC5A3A-BF67-422A-BADB-F7370CDF8C15}.Release|Any CPU.Build.0 = Release|Any CPU
		{72AC5A3A-BF67-422A-BADB-F7370CDF8C15}.Release|x64.ActiveCfg = Release|Any CPU
		{72AC5A3A-BF67-422A-BADB-F7370CDF8C15}.Release|x64.Build.0 = Release|Any CPU
		{72AC5A3A-BF67-422A-BADB-F7370CDF8C15}.Release|x86.ActiveCfg = Release|Any CPU
		{72AC5A3A-BF67-422A-BADB-F7370CDF8C15}.Release|x86.Build.0 = Release|Any CPU
		{3998EB6A-77F1-4179-89F1-25C6820D82D2}.Debug|Any CPU.ActiveCfg = Debug|Any CPU
		{3998EB6A-77F1-4179-89F1-25C6820D82D2}.Debug|Any CPU.Build.0 = Debug|Any CPU
		{3998EB6A-77F1-4179-89F1-25C6820D82D2}.Debug|x64.ActiveCfg = Debug|Any CPU
		{3998EB6A-77F1-4179-89F1-25C6820D82D2}.Debug|x64.Build.0 = Debug|Any CPU
		{3998EB6A-77F1-4179-89F1-25C6820D82D2}.Debug|x86.ActiveCfg = Debug|Any CPU
		{3998EB6A-77F1-4179-89F1-25C6820D82D2}.Debug|x86.Build.0 = Debug|Any CPU
		{3998EB6A-77F1-4179-89F1-25C6820D82D2}.Release|Any CPU.ActiveCfg = Release|Any CPU
		{3998EB6A-77F1-4179-89F1-25C6820D82D2}.Release|Any CPU.Build.0 = Release|Any CPU
		{3998EB6A-77F1-4179-89F1-25C6820D82D2}.Release|x64.ActiveCfg = Release|Any CPU
		{3998EB6A-77F1-4179-89F1-25C6820D82D2}.Release|x64.Build.0 = Release|Any CPU
		{3998EB6A-77F1-4179-89F1-25C6820D82D2}.Release|x86.ActiveCfg = Release|Any CPU
		{3998EB6A-77F1-4179-89F1-25C6820D82D2}.Release|x86.Build.0 = Release|Any CPU
		{B6E9C6E7-1B76-4ABF-BF74-0E2B652D33E7}.Debug|Any CPU.ActiveCfg = Debug|Any CPU
		{B6E9C6E7-1B76-4ABF-BF74-0E2B652D33E7}.Debug|Any CPU.Build.0 = Debug|Any CPU
		{B6E9C6E7-1B76-4ABF-BF74-0E2B652D33E7}.Debug|x64.ActiveCfg = Debug|Any CPU
		{B6E9C6E7-1B76-4ABF-BF74-0E2B652D33E7}.Debug|x64.Build.0 = Debug|Any CPU
		{B6E9C6E7-1B76-4ABF-BF74-0E2B652D33E7}.Debug|x86.ActiveCfg = Debug|Any CPU
		{B6E9C6E7-1B76-4ABF-BF74-0E2B652D33E7}.Debug|x86.Build.0 = Debug|Any CPU
		{B6E9C6E7-1B76-4ABF-BF74-0E2B652D33E7}.Release|Any CPU.ActiveCfg = Release|Any CPU
		{B6E9C6E7-1B76-4ABF-BF74-0E2B652D33E7}.Release|Any CPU.Build.0 = Release|Any CPU
		{B6E9C6E7-1B76-4ABF-BF74-0E2B652D33E7}.Release|x64.ActiveCfg = Release|Any CPU
		{B6E9C6E7-1B76-4ABF-BF74-0E2B652D33E7}.Release|x64.Build.0 = Release|Any CPU
		{B6E9C6E7-1B76-4ABF-BF74-0E2B652D33E7}.Release|x86.ActiveCfg = Release|Any CPU
		{B6E9C6E7-1B76-4ABF-BF74-0E2B652D33E7}.Release|x86.Build.0 = Release|Any CPU
		{D5E945D9-4E4E-489C-9B3C-84D0D1FB22E5}.Debug|Any CPU.ActiveCfg = Debug|Any CPU
		{D5E945D9-4E4E-489C-9B3C-84D0D1FB22E5}.Debug|Any CPU.Build.0 = Debug|Any CPU
		{D5E945D9-4E4E-489C-9B3C-84D0D1FB22E5}.Debug|x64.ActiveCfg = Debug|Any CPU
		{D5E945D9-4E4E-489C-9B3C-84D0D1FB22E5}.Debug|x64.Build.0 = Debug|Any CPU
		{D5E945D9-4E4E-489C-9B3C-84D0D1FB22E5}.Debug|x86.ActiveCfg = Debug|Any CPU
		{D5E945D9-4E4E-489C-9B3C-84D0D1FB22E5}.Debug|x86.Build.0 = Debug|Any CPU
		{D5E945D9-4E4E-489C-9B3C-84D0D1FB22E5}.Release|Any CPU.ActiveCfg = Release|Any CPU
		{D5E945D9-4E4E-489C-9B3C-84D0D1FB22E5}.Release|Any CPU.Build.0 = Release|Any CPU
		{D5E945D9-4E4E-489C-9B3C-84D0D1FB22E5}.Release|x64.ActiveCfg = Release|Any CPU
		{D5E945D9-4E4E-489C-9B3C-84D0D1FB22E5}.Release|x64.Build.0 = Release|Any CPU
		{D5E945D9-4E4E-489C-9B3C-84D0D1FB22E5}.Release|x86.ActiveCfg = Release|Any CPU
		{D5E945D9-4E4E-489C-9B3C-84D0D1FB22E5}.Release|x86.Build.0 = Release|Any CPU
		{675A7375-D4C8-4225-A880-F842494CEB23}.Debug|Any CPU.ActiveCfg = Debug|Any CPU
		{675A7375-D4C8-4225-A880-F842494CEB23}.Debug|Any CPU.Build.0 = Debug|Any CPU
		{675A7375-D4C8-4225-A880-F842494CEB23}.Debug|x64.ActiveCfg = Debug|Any CPU
		{675A7375-D4C8-4225-A880-F842494CEB23}.Debug|x64.Build.0 = Debug|Any CPU
		{675A7375-D4C8-4225-A880-F842494CEB23}.Debug|x86.ActiveCfg = Debug|Any CPU
		{675A7375-D4C8-4225-A880-F842494CEB23}.Debug|x86.Build.0 = Debug|Any CPU
		{675A7375-D4C8-4225-A880-F842494CEB23}.Release|Any CPU.ActiveCfg = Release|Any CPU
		{675A7375-D4C8-4225-A880-F842494CEB23}.Release|Any CPU.Build.0 = Release|Any CPU
		{675A7375-D4C8-4225-A880-F842494CEB23}.Release|x64.ActiveCfg = Release|Any CPU
		{675A7375-D4C8-4225-A880-F842494CEB23}.Release|x64.Build.0 = Release|Any CPU
		{675A7375-D4C8-4225-A880-F842494CEB23}.Release|x86.ActiveCfg = Release|Any CPU
		{675A7375-D4C8-4225-A880-F842494CEB23}.Release|x86.Build.0 = Release|Any CPU
		{9B9FD8B3-052C-4533-BEAA-C2DF3AD8745A}.Debug|Any CPU.ActiveCfg = Debug|Any CPU
		{9B9FD8B3-052C-4533-BEAA-C2DF3AD8745A}.Debug|Any CPU.Build.0 = Debug|Any CPU
		{9B9FD8B3-052C-4533-BEAA-C2DF3AD8745A}.Debug|x64.ActiveCfg = Debug|Any CPU
		{9B9FD8B3-052C-4533-BEAA-C2DF3AD8745A}.Debug|x64.Build.0 = Debug|Any CPU
		{9B9FD8B3-052C-4533-BEAA-C2DF3AD8745A}.Debug|x86.ActiveCfg = Debug|Any CPU
		{9B9FD8B3-052C-4533-BEAA-C2DF3AD8745A}.Debug|x86.Build.0 = Debug|Any CPU
		{9B9FD8B3-052C-4533-BEAA-C2DF3AD8745A}.Release|Any CPU.ActiveCfg = Release|Any CPU
		{9B9FD8B3-052C-4533-BEAA-C2DF3AD8745A}.Release|Any CPU.Build.0 = Release|Any CPU
		{9B9FD8B3-052C-4533-BEAA-C2DF3AD8745A}.Release|x64.ActiveCfg = Release|Any CPU
		{9B9FD8B3-052C-4533-BEAA-C2DF3AD8745A}.Release|x64.Build.0 = Release|Any CPU
		{9B9FD8B3-052C-4533-BEAA-C2DF3AD8745A}.Release|x86.ActiveCfg = Release|Any CPU
		{9B9FD8B3-052C-4533-BEAA-C2DF3AD8745A}.Release|x86.Build.0 = Release|Any CPU
		{29AB0F12-798B-4E00-A186-1D76B88BB263}.Debug|Any CPU.ActiveCfg = Debug|Any CPU
		{29AB0F12-798B-4E00-A186-1D76B88BB263}.Debug|Any CPU.Build.0 = Debug|Any CPU
		{29AB0F12-798B-4E00-A186-1D76B88BB263}.Debug|x64.ActiveCfg = Debug|Any CPU
		{29AB0F12-798B-4E00-A186-1D76B88BB263}.Debug|x64.Build.0 = Debug|Any CPU
		{29AB0F12-798B-4E00-A186-1D76B88BB263}.Debug|x86.ActiveCfg = Debug|Any CPU
		{29AB0F12-798B-4E00-A186-1D76B88BB263}.Debug|x86.Build.0 = Debug|Any CPU
		{29AB0F12-798B-4E00-A186-1D76B88BB263}.Release|Any CPU.ActiveCfg = Release|Any CPU
		{29AB0F12-798B-4E00-A186-1D76B88BB263}.Release|Any CPU.Build.0 = Release|Any CPU
		{29AB0F12-798B-4E00-A186-1D76B88BB263}.Release|x64.ActiveCfg = Release|Any CPU
		{29AB0F12-798B-4E00-A186-1D76B88BB263}.Release|x64.Build.0 = Release|Any CPU
		{29AB0F12-798B-4E00-A186-1D76B88BB263}.Release|x86.ActiveCfg = Release|Any CPU
		{29AB0F12-798B-4E00-A186-1D76B88BB263}.Release|x86.Build.0 = Release|Any CPU
		{80E8D3F3-D1ED-4227-B480-FA6B4ADA2C42}.Debug|Any CPU.ActiveCfg = Debug|Any CPU
		{80E8D3F3-D1ED-4227-B480-FA6B4ADA2C42}.Debug|Any CPU.Build.0 = Debug|Any CPU
		{80E8D3F3-D1ED-4227-B480-FA6B4ADA2C42}.Debug|x64.ActiveCfg = Debug|Any CPU
		{80E8D3F3-D1ED-4227-B480-FA6B4ADA2C42}.Debug|x64.Build.0 = Debug|Any CPU
		{80E8D3F3-D1ED-4227-B480-FA6B4ADA2C42}.Debug|x86.ActiveCfg = Debug|Any CPU
		{80E8D3F3-D1ED-4227-B480-FA6B4ADA2C42}.Debug|x86.Build.0 = Debug|Any CPU
		{80E8D3F3-D1ED-4227-B480-FA6B4ADA2C42}.Release|Any CPU.ActiveCfg = Release|Any CPU
		{80E8D3F3-D1ED-4227-B480-FA6B4ADA2C42}.Release|Any CPU.Build.0 = Release|Any CPU
		{80E8D3F3-D1ED-4227-B480-FA6B4ADA2C42}.Release|x64.ActiveCfg = Release|Any CPU
		{80E8D3F3-D1ED-4227-B480-FA6B4ADA2C42}.Release|x64.Build.0 = Release|Any CPU
		{80E8D3F3-D1ED-4227-B480-FA6B4ADA2C42}.Release|x86.ActiveCfg = Release|Any CPU
		{80E8D3F3-D1ED-4227-B480-FA6B4ADA2C42}.Release|x86.Build.0 = Release|Any CPU
		{01D3C6C4-CEA9-44D6-903B-BA4505A40301}.Debug|Any CPU.ActiveCfg = Debug|Any CPU
		{01D3C6C4-CEA9-44D6-903B-BA4505A40301}.Debug|Any CPU.Build.0 = Debug|Any CPU
		{01D3C6C4-CEA9-44D6-903B-BA4505A40301}.Debug|x64.ActiveCfg = Debug|Any CPU
		{01D3C6C4-CEA9-44D6-903B-BA4505A40301}.Debug|x64.Build.0 = Debug|Any CPU
		{01D3C6C4-CEA9-44D6-903B-BA4505A40301}.Debug|x86.ActiveCfg = Debug|Any CPU
		{01D3C6C4-CEA9-44D6-903B-BA4505A40301}.Debug|x86.Build.0 = Debug|Any CPU
		{01D3C6C4-CEA9-44D6-903B-BA4505A40301}.Release|Any CPU.ActiveCfg = Release|Any CPU
		{01D3C6C4-CEA9-44D6-903B-BA4505A40301}.Release|Any CPU.Build.0 = Release|Any CPU
		{01D3C6C4-CEA9-44D6-903B-BA4505A40301}.Release|x64.ActiveCfg = Release|Any CPU
		{01D3C6C4-CEA9-44D6-903B-BA4505A40301}.Release|x64.Build.0 = Release|Any CPU
		{01D3C6C4-CEA9-44D6-903B-BA4505A40301}.Release|x86.ActiveCfg = Release|Any CPU
		{01D3C6C4-CEA9-44D6-903B-BA4505A40301}.Release|x86.Build.0 = Release|Any CPU
		{2D37C2C6-A0C2-402E-BB19-B131AB910078}.Debug|Any CPU.ActiveCfg = Debug|Any CPU
		{2D37C2C6-A0C2-402E-BB19-B131AB910078}.Debug|Any CPU.Build.0 = Debug|Any CPU
		{2D37C2C6-A0C2-402E-BB19-B131AB910078}.Debug|x64.ActiveCfg = Debug|Any CPU
		{2D37C2C6-A0C2-402E-BB19-B131AB910078}.Debug|x64.Build.0 = Debug|Any CPU
		{2D37C2C6-A0C2-402E-BB19-B131AB910078}.Debug|x86.ActiveCfg = Debug|Any CPU
		{2D37C2C6-A0C2-402E-BB19-B131AB910078}.Debug|x86.Build.0 = Debug|Any CPU
		{2D37C2C6-A0C2-402E-BB19-B131AB910078}.Release|Any CPU.ActiveCfg = Release|Any CPU
		{2D37C2C6-A0C2-402E-BB19-B131AB910078}.Release|Any CPU.Build.0 = Release|Any CPU
		{2D37C2C6-A0C2-402E-BB19-B131AB910078}.Release|x64.ActiveCfg = Release|Any CPU
		{2D37C2C6-A0C2-402E-BB19-B131AB910078}.Release|x64.Build.0 = Release|Any CPU
		{2D37C2C6-A0C2-402E-BB19-B131AB910078}.Release|x86.ActiveCfg = Release|Any CPU
		{2D37C2C6-A0C2-402E-BB19-B131AB910078}.Release|x86.Build.0 = Release|Any CPU
		{A5C73303-DD7D-4487-9DE6-5CD831CD636F}.Debug|Any CPU.ActiveCfg = Debug|Any CPU
		{A5C73303-DD7D-4487-9DE6-5CD831CD636F}.Debug|Any CPU.Build.0 = Debug|Any CPU
		{A5C73303-DD7D-4487-9DE6-5CD831CD636F}.Debug|x64.ActiveCfg = Debug|Any CPU
		{A5C73303-DD7D-4487-9DE6-5CD831CD636F}.Debug|x64.Build.0 = Debug|Any CPU
		{A5C73303-DD7D-4487-9DE6-5CD831CD636F}.Debug|x86.ActiveCfg = Debug|Any CPU
		{A5C73303-DD7D-4487-9DE6-5CD831CD636F}.Debug|x86.Build.0 = Debug|Any CPU
		{A5C73303-DD7D-4487-9DE6-5CD831CD636F}.Release|Any CPU.ActiveCfg = Release|Any CPU
		{A5C73303-DD7D-4487-9DE6-5CD831CD636F}.Release|Any CPU.Build.0 = Release|Any CPU
		{A5C73303-DD7D-4487-9DE6-5CD831CD636F}.Release|x64.ActiveCfg = Release|Any CPU
		{A5C73303-DD7D-4487-9DE6-5CD831CD636F}.Release|x64.Build.0 = Release|Any CPU
		{A5C73303-DD7D-4487-9DE6-5CD831CD636F}.Release|x86.ActiveCfg = Release|Any CPU
		{A5C73303-DD7D-4487-9DE6-5CD831CD636F}.Release|x86.Build.0 = Release|Any CPU
		{398A5E70-935B-4E86-89BB-894020494E11}.Debug|Any CPU.ActiveCfg = Debug|Any CPU
		{398A5E70-935B-4E86-89BB-894020494E11}.Debug|Any CPU.Build.0 = Debug|Any CPU
		{398A5E70-935B-4E86-89BB-894020494E11}.Debug|x64.ActiveCfg = Debug|Any CPU
		{398A5E70-935B-4E86-89BB-894020494E11}.Debug|x64.Build.0 = Debug|Any CPU
		{398A5E70-935B-4E86-89BB-894020494E11}.Debug|x86.ActiveCfg = Debug|Any CPU
		{398A5E70-935B-4E86-89BB-894020494E11}.Debug|x86.Build.0 = Debug|Any CPU
		{398A5E70-935B-4E86-89BB-894020494E11}.Release|Any CPU.ActiveCfg = Release|Any CPU
		{398A5E70-935B-4E86-89BB-894020494E11}.Release|Any CPU.Build.0 = Release|Any CPU
		{398A5E70-935B-4E86-89BB-894020494E11}.Release|x64.ActiveCfg = Release|Any CPU
		{398A5E70-935B-4E86-89BB-894020494E11}.Release|x64.Build.0 = Release|Any CPU
		{398A5E70-935B-4E86-89BB-894020494E11}.Release|x86.ActiveCfg = Release|Any CPU
		{398A5E70-935B-4E86-89BB-894020494E11}.Release|x86.Build.0 = Release|Any CPU
		{627DCFA4-E81C-467E-9FE3-D9A17159875D}.Debug|Any CPU.ActiveCfg = Debug|Any CPU
		{627DCFA4-E81C-467E-9FE3-D9A17159875D}.Debug|Any CPU.Build.0 = Debug|Any CPU
		{627DCFA4-E81C-467E-9FE3-D9A17159875D}.Debug|x64.ActiveCfg = Debug|Any CPU
		{627DCFA4-E81C-467E-9FE3-D9A17159875D}.Debug|x64.Build.0 = Debug|Any CPU
		{627DCFA4-E81C-467E-9FE3-D9A17159875D}.Debug|x86.ActiveCfg = Debug|Any CPU
		{627DCFA4-E81C-467E-9FE3-D9A17159875D}.Debug|x86.Build.0 = Debug|Any CPU
		{627DCFA4-E81C-467E-9FE3-D9A17159875D}.Release|Any CPU.ActiveCfg = Release|Any CPU
		{627DCFA4-E81C-467E-9FE3-D9A17159875D}.Release|Any CPU.Build.0 = Release|Any CPU
		{627DCFA4-E81C-467E-9FE3-D9A17159875D}.Release|x64.ActiveCfg = Release|Any CPU
		{627DCFA4-E81C-467E-9FE3-D9A17159875D}.Release|x64.Build.0 = Release|Any CPU
		{627DCFA4-E81C-467E-9FE3-D9A17159875D}.Release|x86.ActiveCfg = Release|Any CPU
		{627DCFA4-E81C-467E-9FE3-D9A17159875D}.Release|x86.Build.0 = Release|Any CPU
		{FA85EB9B-16DA-41E4-9202-98F7E61A680B}.Debug|Any CPU.ActiveCfg = Debug|Any CPU
		{FA85EB9B-16DA-41E4-9202-98F7E61A680B}.Debug|Any CPU.Build.0 = Debug|Any CPU
		{FA85EB9B-16DA-41E4-9202-98F7E61A680B}.Debug|x64.ActiveCfg = Debug|Any CPU
		{FA85EB9B-16DA-41E4-9202-98F7E61A680B}.Debug|x64.Build.0 = Debug|Any CPU
		{FA85EB9B-16DA-41E4-9202-98F7E61A680B}.Debug|x86.ActiveCfg = Debug|Any CPU
		{FA85EB9B-16DA-41E4-9202-98F7E61A680B}.Debug|x86.Build.0 = Debug|Any CPU
		{FA85EB9B-16DA-41E4-9202-98F7E61A680B}.Release|Any CPU.ActiveCfg = Release|Any CPU
		{FA85EB9B-16DA-41E4-9202-98F7E61A680B}.Release|Any CPU.Build.0 = Release|Any CPU
		{FA85EB9B-16DA-41E4-9202-98F7E61A680B}.Release|x64.ActiveCfg = Release|Any CPU
		{FA85EB9B-16DA-41E4-9202-98F7E61A680B}.Release|x64.Build.0 = Release|Any CPU
		{FA85EB9B-16DA-41E4-9202-98F7E61A680B}.Release|x86.ActiveCfg = Release|Any CPU
		{FA85EB9B-16DA-41E4-9202-98F7E61A680B}.Release|x86.Build.0 = Release|Any CPU
		{984D8A63-9669-4049-8A32-6B9508E67145}.Debug|Any CPU.ActiveCfg = Debug|Any CPU
		{984D8A63-9669-4049-8A32-6B9508E67145}.Debug|Any CPU.Build.0 = Debug|Any CPU
		{984D8A63-9669-4049-8A32-6B9508E67145}.Debug|x64.ActiveCfg = Debug|Any CPU
		{984D8A63-9669-4049-8A32-6B9508E67145}.Debug|x64.Build.0 = Debug|Any CPU
		{984D8A63-9669-4049-8A32-6B9508E67145}.Debug|x86.ActiveCfg = Debug|Any CPU
		{984D8A63-9669-4049-8A32-6B9508E67145}.Debug|x86.Build.0 = Debug|Any CPU
		{984D8A63-9669-4049-8A32-6B9508E67145}.Release|Any CPU.ActiveCfg = Release|Any CPU
		{984D8A63-9669-4049-8A32-6B9508E67145}.Release|Any CPU.Build.0 = Release|Any CPU
		{984D8A63-9669-4049-8A32-6B9508E67145}.Release|x64.ActiveCfg = Release|Any CPU
		{984D8A63-9669-4049-8A32-6B9508E67145}.Release|x64.Build.0 = Release|Any CPU
		{984D8A63-9669-4049-8A32-6B9508E67145}.Release|x86.ActiveCfg = Release|Any CPU
		{984D8A63-9669-4049-8A32-6B9508E67145}.Release|x86.Build.0 = Release|Any CPU
		{A8A629D7-664F-4907-86E5-69022D94B57F}.Debug|Any CPU.ActiveCfg = Debug|Any CPU
		{A8A629D7-664F-4907-86E5-69022D94B57F}.Debug|Any CPU.Build.0 = Debug|Any CPU
		{A8A629D7-664F-4907-86E5-69022D94B57F}.Debug|x64.ActiveCfg = Debug|Any CPU
		{A8A629D7-664F-4907-86E5-69022D94B57F}.Debug|x64.Build.0 = Debug|Any CPU
		{A8A629D7-664F-4907-86E5-69022D94B57F}.Debug|x86.ActiveCfg = Debug|Any CPU
		{A8A629D7-664F-4907-86E5-69022D94B57F}.Debug|x86.Build.0 = Debug|Any CPU
		{A8A629D7-664F-4907-86E5-69022D94B57F}.Release|Any CPU.ActiveCfg = Release|Any CPU
		{A8A629D7-664F-4907-86E5-69022D94B57F}.Release|Any CPU.Build.0 = Release|Any CPU
		{A8A629D7-664F-4907-86E5-69022D94B57F}.Release|x64.ActiveCfg = Release|Any CPU
		{A8A629D7-664F-4907-86E5-69022D94B57F}.Release|x64.Build.0 = Release|Any CPU
		{A8A629D7-664F-4907-86E5-69022D94B57F}.Release|x86.ActiveCfg = Release|Any CPU
		{A8A629D7-664F-4907-86E5-69022D94B57F}.Release|x86.Build.0 = Release|Any CPU
		{5326DE3A-FF62-46D5-9B16-41B59EABC65A}.Debug|Any CPU.ActiveCfg = Debug|Any CPU
		{5326DE3A-FF62-46D5-9B16-41B59EABC65A}.Debug|Any CPU.Build.0 = Debug|Any CPU
		{5326DE3A-FF62-46D5-9B16-41B59EABC65A}.Debug|x64.ActiveCfg = Debug|Any CPU
		{5326DE3A-FF62-46D5-9B16-41B59EABC65A}.Debug|x64.Build.0 = Debug|Any CPU
		{5326DE3A-FF62-46D5-9B16-41B59EABC65A}.Debug|x86.ActiveCfg = Debug|Any CPU
		{5326DE3A-FF62-46D5-9B16-41B59EABC65A}.Debug|x86.Build.0 = Debug|Any CPU
		{5326DE3A-FF62-46D5-9B16-41B59EABC65A}.Release|Any CPU.ActiveCfg = Release|Any CPU
		{5326DE3A-FF62-46D5-9B16-41B59EABC65A}.Release|Any CPU.Build.0 = Release|Any CPU
		{5326DE3A-FF62-46D5-9B16-41B59EABC65A}.Release|x64.ActiveCfg = Release|Any CPU
		{5326DE3A-FF62-46D5-9B16-41B59EABC65A}.Release|x64.Build.0 = Release|Any CPU
		{5326DE3A-FF62-46D5-9B16-41B59EABC65A}.Release|x86.ActiveCfg = Release|Any CPU
		{5326DE3A-FF62-46D5-9B16-41B59EABC65A}.Release|x86.Build.0 = Release|Any CPU
		{C86B361C-45C8-4190-AAF3-4F8A807750BC}.Debug|Any CPU.ActiveCfg = Debug|Any CPU
		{C86B361C-45C8-4190-AAF3-4F8A807750BC}.Debug|Any CPU.Build.0 = Debug|Any CPU
		{C86B361C-45C8-4190-AAF3-4F8A807750BC}.Debug|x64.ActiveCfg = Debug|Any CPU
		{C86B361C-45C8-4190-AAF3-4F8A807750BC}.Debug|x64.Build.0 = Debug|Any CPU
		{C86B361C-45C8-4190-AAF3-4F8A807750BC}.Debug|x86.ActiveCfg = Debug|Any CPU
		{C86B361C-45C8-4190-AAF3-4F8A807750BC}.Debug|x86.Build.0 = Debug|Any CPU
		{C86B361C-45C8-4190-AAF3-4F8A807750BC}.Release|Any CPU.ActiveCfg = Release|Any CPU
		{C86B361C-45C8-4190-AAF3-4F8A807750BC}.Release|Any CPU.Build.0 = Release|Any CPU
		{C86B361C-45C8-4190-AAF3-4F8A807750BC}.Release|x64.ActiveCfg = Release|Any CPU
		{C86B361C-45C8-4190-AAF3-4F8A807750BC}.Release|x64.Build.0 = Release|Any CPU
		{C86B361C-45C8-4190-AAF3-4F8A807750BC}.Release|x86.ActiveCfg = Release|Any CPU
		{C86B361C-45C8-4190-AAF3-4F8A807750BC}.Release|x86.Build.0 = Release|Any CPU
	EndGlobalSection
	GlobalSection(SolutionProperties) = preSolution
		HideSolutionNode = FALSE
	EndGlobalSection
	GlobalSection(NestedProjects) = preSolution
		{59307385-4C27-41B0-9DB2-DA2E142F91BA} = {E40A65C9-13A9-4EA6-918C-5A7BA10F48B3}
		{A2459BAF-E2C3-4E8C-A4FA-C14C2BA3342A} = {E40A65C9-13A9-4EA6-918C-5A7BA10F48B3}
		{C7005847-2584-4AD8-B435-EA434FF7C997} = {E40A65C9-13A9-4EA6-918C-5A7BA10F48B3}
		{413CA8A4-1BF0-4A3D-9B1A-5BC4D4C0339B} = {60C324E6-2EC9-49E5-AB72-8F515D9584DE}
		{A64C134E-2A29-4F3D-AE1C-A59F0364E6FA} = {60C324E6-2EC9-49E5-AB72-8F515D9584DE}
		{A785416A-748F-4AF6-A931-B16D5BB34379} = {60C324E6-2EC9-49E5-AB72-8F515D9584DE}
		{70955371-65D5-45E9-A087-DE009E0D05F8} = {60C324E6-2EC9-49E5-AB72-8F515D9584DE}
		{FDCF1DBC-A792-4D56-AA3F-916E7E4AADC7} = {60C324E6-2EC9-49E5-AB72-8F515D9584DE}
		{363F9291-D509-4905-B59D-E0982E4BA5AA} = {60C324E6-2EC9-49E5-AB72-8F515D9584DE}
		{5953936C-633B-406F-B6F3-51E37AA32143} = {60C324E6-2EC9-49E5-AB72-8F515D9584DE}
		{8AD22E28-5881-4698-B981-DBBA1BFE6B27} = {60C324E6-2EC9-49E5-AB72-8F515D9584DE}
		{8C32C000-07C6-4FDA-9CA6-D188D29B415F} = {60C324E6-2EC9-49E5-AB72-8F515D9584DE}
		{10271684-959C-4722-86F2-0CDFAB634D8B} = {60C324E6-2EC9-49E5-AB72-8F515D9584DE}
		{107EF186-3347-47FC-BA78-49DC34E8C21B} = {60C324E6-2EC9-49E5-AB72-8F515D9584DE}
		{6CB6D2B5-0C58-4877-86B4-130973E0A137} = {60C324E6-2EC9-49E5-AB72-8F515D9584DE}
		{89563866-D370-4534-B9D7-D6B369AF7668} = {60C324E6-2EC9-49E5-AB72-8F515D9584DE}
		{79032685-28ED-4A03-822B-21530FC6F0AB} = {60C324E6-2EC9-49E5-AB72-8F515D9584DE}
		{BE6D78A4-4E6F-4D3E-83B9-9E2CEE1196B8} = {E40A65C9-13A9-4EA6-918C-5A7BA10F48B3}
		{51A815C2-5ABA-42A0-8966-A8290EE040A2} = {60C324E6-2EC9-49E5-AB72-8F515D9584DE}
		{0C7E6869-4474-4FE3-8692-94C217A11CF5} = {E40A65C9-13A9-4EA6-918C-5A7BA10F48B3}
		{E54ACB44-2B9B-42A8-AFA0-0868FFF7021C} = {60C324E6-2EC9-49E5-AB72-8F515D9584DE}
		{95193B96-6D71-47E9-9405-1AEB742567A8} = {E40A65C9-13A9-4EA6-918C-5A7BA10F48B3}
		{87F08003-F928-4411-BA1F-5054B9D9664B} = {60C324E6-2EC9-49E5-AB72-8F515D9584DE}
		{5F8C2B0B-B601-447D-BD02-713219474241} = {E40A65C9-13A9-4EA6-918C-5A7BA10F48B3}
		{48A3C415-D8D5-489B-872B-72A906178510} = {60C324E6-2EC9-49E5-AB72-8F515D9584DE}
		{2AAD58C9-BC82-40AF-BEA8-D0D8459F472F} = {60C324E6-2EC9-49E5-AB72-8F515D9584DE}
		{72AC5A3A-BF67-422A-BADB-F7370CDF8C15} = {E40A65C9-13A9-4EA6-918C-5A7BA10F48B3}
		{3998EB6A-77F1-4179-89F1-25C6820D82D2} = {60C324E6-2EC9-49E5-AB72-8F515D9584DE}
		{B6E9C6E7-1B76-4ABF-BF74-0E2B652D33E7} = {60C324E6-2EC9-49E5-AB72-8F515D9584DE}
		{D5E945D9-4E4E-489C-9B3C-84D0D1FB22E5} = {E40A65C9-13A9-4EA6-918C-5A7BA10F48B3}
		{675A7375-D4C8-4225-A880-F842494CEB23} = {60C324E6-2EC9-49E5-AB72-8F515D9584DE}
		{9B9FD8B3-052C-4533-BEAA-C2DF3AD8745A} = {E40A65C9-13A9-4EA6-918C-5A7BA10F48B3}
		{29AB0F12-798B-4E00-A186-1D76B88BB263} = {E40A65C9-13A9-4EA6-918C-5A7BA10F48B3}
		{80E8D3F3-D1ED-4227-B480-FA6B4ADA2C42} = {60C324E6-2EC9-49E5-AB72-8F515D9584DE}
		{01D3C6C4-CEA9-44D6-903B-BA4505A40301} = {60C324E6-2EC9-49E5-AB72-8F515D9584DE}
		{2D37C2C6-A0C2-402E-BB19-B131AB910078} = {E40A65C9-13A9-4EA6-918C-5A7BA10F48B3}
		{A5C73303-DD7D-4487-9DE6-5CD831CD636F} = {60C324E6-2EC9-49E5-AB72-8F515D9584DE}
		{398A5E70-935B-4E86-89BB-894020494E11} = {E40A65C9-13A9-4EA6-918C-5A7BA10F48B3}
		{627DCFA4-E81C-467E-9FE3-D9A17159875D} = {60C324E6-2EC9-49E5-AB72-8F515D9584DE}
		{FA85EB9B-16DA-41E4-9202-98F7E61A680B} = {E40A65C9-13A9-4EA6-918C-5A7BA10F48B3}
		{984D8A63-9669-4049-8A32-6B9508E67145} = {60C324E6-2EC9-49E5-AB72-8F515D9584DE}
		{A8A629D7-664F-4907-86E5-69022D94B57F} = {E40A65C9-13A9-4EA6-918C-5A7BA10F48B3}
		{5326DE3A-FF62-46D5-9B16-41B59EABC65A} = {60C324E6-2EC9-49E5-AB72-8F515D9584DE}
		{C86B361C-45C8-4190-AAF3-4F8A807750BC} = {E40A65C9-13A9-4EA6-918C-5A7BA10F48B3}
	EndGlobalSection
	GlobalSection(ExtensibilityGlobals) = postSolution
		SolutionGuid = {CF6C3A1E-D382-42E4-9E45-1F89E665424B}
	EndGlobalSection
EndGlobal
