
Microsoft Visual Studio Solution File, Format Version 12.00
# Visual Studio 15
VisualStudioVersion = 15.0.26124.0
MinimumVisualStudioVersion = 15.0.26124.0
Project("{FAE04EC0-301F-11D3-BF4B-00C04F79EFBC}") = "Rooks Movements", "Rooks Movements\Rooks Movements.csproj", "{32106890-FFEF-494F-B9A1-2777957A3E18}"
EndProject
Project("{FAE04EC0-301F-11D3-BF4B-00C04F79EFBC}") = "RookMovementsTest", "RookMovementsTest\RookMovementsTest.csproj", "{18D8F4A3-09E8-48A5-A1C4-767E52136DA1}"
EndProject
Project("{FAE04EC0-301F-11D3-BF4B-00C04F79EFBC}") = "TextFormatting", "TextFormatting\TextFormatting.csproj", "{A4BDE844-C168-4D12-9A5F-F796FA1E70B1}"
EndProject
Project("{FAE04EC0-301F-11D3-BF4B-00C04F79EFBC}") = "TextFormattingTests", "TextFormattingTests\TextFormattingTests.csproj", "{EA1AD89E-DCB7-4130-8181-80AE7FD15CAF}"
EndProject
Project("{FAE04EC0-301F-11D3-BF4B-00C04F79EFBC}") = "BlowingFuse", "BlowingFuse\BlowingFuse.csproj", "{10DCCB50-460F-4DE2-8AAB-3F67022DAA03}"
EndProject
Project("{FAE04EC0-301F-11D3-BF4B-00C04F79EFBC}") = "BlowingFuseTests", "BlowingFuseTests\BlowingFuseTests.csproj", "{39AD9B2C-6E83-4A71-8399-001378A31760}"
EndProject
Global
	GlobalSection(SolutionConfigurationPlatforms) = preSolution
		Debug|Any CPU = Debug|Any CPU
		Debug|x64 = Debug|x64
		Debug|x86 = Debug|x86
		Release|Any CPU = Release|Any CPU
		Release|x64 = Release|x64
		Release|x86 = Release|x86
	EndGlobalSection
	GlobalSection(SolutionProperties) = preSolution
		HideSolutionNode = FALSE
	EndGlobalSection
	GlobalSection(ProjectConfigurationPlatforms) = postSolution
		{32106890-FFEF-494F-B9A1-2777957A3E18}.Debug|Any CPU.ActiveCfg = Debug|Any CPU
		{32106890-FFEF-494F-B9A1-2777957A3E18}.Debug|Any CPU.Build.0 = Debug|Any CPU
		{32106890-FFEF-494F-B9A1-2777957A3E18}.Debug|x64.ActiveCfg = Debug|Any CPU
		{32106890-FFEF-494F-B9A1-2777957A3E18}.Debug|x64.Build.0 = Debug|Any CPU
		{32106890-FFEF-494F-B9A1-2777957A3E18}.Debug|x86.ActiveCfg = Debug|Any CPU
		{32106890-FFEF-494F-B9A1-2777957A3E18}.Debug|x86.Build.0 = Debug|Any CPU
		{32106890-FFEF-494F-B9A1-2777957A3E18}.Release|Any CPU.ActiveCfg = Release|Any CPU
		{32106890-FFEF-494F-B9A1-2777957A3E18}.Release|Any CPU.Build.0 = Release|Any CPU
		{32106890-FFEF-494F-B9A1-2777957A3E18}.Release|x64.ActiveCfg = Release|Any CPU
		{32106890-FFEF-494F-B9A1-2777957A3E18}.Release|x64.Build.0 = Release|Any CPU
		{32106890-FFEF-494F-B9A1-2777957A3E18}.Release|x86.ActiveCfg = Release|Any CPU
		{32106890-FFEF-494F-B9A1-2777957A3E18}.Release|x86.Build.0 = Release|Any CPU
		{18D8F4A3-09E8-48A5-A1C4-767E52136DA1}.Debug|Any CPU.ActiveCfg = Debug|Any CPU
		{18D8F4A3-09E8-48A5-A1C4-767E52136DA1}.Debug|Any CPU.Build.0 = Debug|Any CPU
		{18D8F4A3-09E8-48A5-A1C4-767E52136DA1}.Debug|x64.ActiveCfg = Debug|Any CPU
		{18D8F4A3-09E8-48A5-A1C4-767E52136DA1}.Debug|x64.Build.0 = Debug|Any CPU
		{18D8F4A3-09E8-48A5-A1C4-767E52136DA1}.Debug|x86.ActiveCfg = Debug|Any CPU
		{18D8F4A3-09E8-48A5-A1C4-767E52136DA1}.Debug|x86.Build.0 = Debug|Any CPU
		{18D8F4A3-09E8-48A5-A1C4-767E52136DA1}.Release|Any CPU.ActiveCfg = Release|Any CPU
		{18D8F4A3-09E8-48A5-A1C4-767E52136DA1}.Release|Any CPU.Build.0 = Release|Any CPU
		{18D8F4A3-09E8-48A5-A1C4-767E52136DA1}.Release|x64.ActiveCfg = Release|Any CPU
		{18D8F4A3-09E8-48A5-A1C4-767E52136DA1}.Release|x64.Build.0 = Release|Any CPU
		{18D8F4A3-09E8-48A5-A1C4-767E52136DA1}.Release|x86.ActiveCfg = Release|Any CPU
		{18D8F4A3-09E8-48A5-A1C4-767E52136DA1}.Release|x86.Build.0 = Release|Any CPU
		{A4BDE844-C168-4D12-9A5F-F796FA1E70B1}.Debug|Any CPU.ActiveCfg = Debug|Any CPU
		{A4BDE844-C168-4D12-9A5F-F796FA1E70B1}.Debug|Any CPU.Build.0 = Debug|Any CPU
		{A4BDE844-C168-4D12-9A5F-F796FA1E70B1}.Debug|x64.ActiveCfg = Debug|Any CPU
		{A4BDE844-C168-4D12-9A5F-F796FA1E70B1}.Debug|x64.Build.0 = Debug|Any CPU
		{A4BDE844-C168-4D12-9A5F-F796FA1E70B1}.Debug|x86.ActiveCfg = Debug|Any CPU
		{A4BDE844-C168-4D12-9A5F-F796FA1E70B1}.Debug|x86.Build.0 = Debug|Any CPU
		{A4BDE844-C168-4D12-9A5F-F796FA1E70B1}.Release|Any CPU.ActiveCfg = Release|Any CPU
		{A4BDE844-C168-4D12-9A5F-F796FA1E70B1}.Release|Any CPU.Build.0 = Release|Any CPU
		{A4BDE844-C168-4D12-9A5F-F796FA1E70B1}.Release|x64.ActiveCfg = Release|Any CPU
		{A4BDE844-C168-4D12-9A5F-F796FA1E70B1}.Release|x64.Build.0 = Release|Any CPU
		{A4BDE844-C168-4D12-9A5F-F796FA1E70B1}.Release|x86.ActiveCfg = Release|Any CPU
		{A4BDE844-C168-4D12-9A5F-F796FA1E70B1}.Release|x86.Build.0 = Release|Any CPU
		{EA1AD89E-DCB7-4130-8181-80AE7FD15CAF}.Debug|Any CPU.ActiveCfg = Debug|Any CPU
		{EA1AD89E-DCB7-4130-8181-80AE7FD15CAF}.Debug|Any CPU.Build.0 = Debug|Any CPU
		{EA1AD89E-DCB7-4130-8181-80AE7FD15CAF}.Debug|x64.ActiveCfg = Debug|Any CPU
		{EA1AD89E-DCB7-4130-8181-80AE7FD15CAF}.Debug|x64.Build.0 = Debug|Any CPU
		{EA1AD89E-DCB7-4130-8181-80AE7FD15CAF}.Debug|x86.ActiveCfg = Debug|Any CPU
		{EA1AD89E-DCB7-4130-8181-80AE7FD15CAF}.Debug|x86.Build.0 = Debug|Any CPU
		{EA1AD89E-DCB7-4130-8181-80AE7FD15CAF}.Release|Any CPU.ActiveCfg = Release|Any CPU
		{EA1AD89E-DCB7-4130-8181-80AE7FD15CAF}.Release|Any CPU.Build.0 = Release|Any CPU
		{EA1AD89E-DCB7-4130-8181-80AE7FD15CAF}.Release|x64.ActiveCfg = Release|Any CPU
		{EA1AD89E-DCB7-4130-8181-80AE7FD15CAF}.Release|x64.Build.0 = Release|Any CPU
		{EA1AD89E-DCB7-4130-8181-80AE7FD15CAF}.Release|x86.ActiveCfg = Release|Any CPU
		{EA1AD89E-DCB7-4130-8181-80AE7FD15CAF}.Release|x86.Build.0 = Release|Any CPU
		{10DCCB50-460F-4DE2-8AAB-3F67022DAA03}.Debug|Any CPU.ActiveCfg = Debug|Any CPU
		{10DCCB50-460F-4DE2-8AAB-3F67022DAA03}.Debug|Any CPU.Build.0 = Debug|Any CPU
		{10DCCB50-460F-4DE2-8AAB-3F67022DAA03}.Debug|x64.ActiveCfg = Debug|Any CPU
		{10DCCB50-460F-4DE2-8AAB-3F67022DAA03}.Debug|x64.Build.0 = Debug|Any CPU
		{10DCCB50-460F-4DE2-8AAB-3F67022DAA03}.Debug|x86.ActiveCfg = Debug|Any CPU
		{10DCCB50-460F-4DE2-8AAB-3F67022DAA03}.Debug|x86.Build.0 = Debug|Any CPU
		{10DCCB50-460F-4DE2-8AAB-3F67022DAA03}.Release|Any CPU.ActiveCfg = Release|Any CPU
		{10DCCB50-460F-4DE2-8AAB-3F67022DAA03}.Release|Any CPU.Build.0 = Release|Any CPU
		{10DCCB50-460F-4DE2-8AAB-3F67022DAA03}.Release|x64.ActiveCfg = Release|Any CPU
		{10DCCB50-460F-4DE2-8AAB-3F67022DAA03}.Release|x64.Build.0 = Release|Any CPU
		{10DCCB50-460F-4DE2-8AAB-3F67022DAA03}.Release|x86.ActiveCfg = Release|Any CPU
		{10DCCB50-460F-4DE2-8AAB-3F67022DAA03}.Release|x86.Build.0 = Release|Any CPU
		{39AD9B2C-6E83-4A71-8399-001378A31760}.Debug|Any CPU.ActiveCfg = Debug|Any CPU
		{39AD9B2C-6E83-4A71-8399-001378A31760}.Debug|Any CPU.Build.0 = Debug|Any CPU
		{39AD9B2C-6E83-4A71-8399-001378A31760}.Debug|x64.ActiveCfg = Debug|Any CPU
		{39AD9B2C-6E83-4A71-8399-001378A31760}.Debug|x64.Build.0 = Debug|Any CPU
		{39AD9B2C-6E83-4A71-8399-001378A31760}.Debug|x86.ActiveCfg = Debug|Any CPU
		{39AD9B2C-6E83-4A71-8399-001378A31760}.Debug|x86.Build.0 = Debug|Any CPU
		{39AD9B2C-6E83-4A71-8399-001378A31760}.Release|Any CPU.ActiveCfg = Release|Any CPU
		{39AD9B2C-6E83-4A71-8399-001378A31760}.Release|Any CPU.Build.0 = Release|Any CPU
		{39AD9B2C-6E83-4A71-8399-001378A31760}.Release|x64.ActiveCfg = Release|Any CPU
		{39AD9B2C-6E83-4A71-8399-001378A31760}.Release|x64.Build.0 = Release|Any CPU
		{39AD9B2C-6E83-4A71-8399-001378A31760}.Release|x86.ActiveCfg = Release|Any CPU
		{39AD9B2C-6E83-4A71-8399-001378A31760}.Release|x86.Build.0 = Release|Any CPU
	EndGlobalSection
EndGlobal
