
Microsoft Visual Studio Solution File, Format Version 12.00
# Visual Studio 15
VisualStudioVersion = 15.0.26124.0
MinimumVisualStudioVersion = 15.0.26124.0
Project("{2150E333-8FDC-42A3-9474-1A3956D46DE8}") = "tests", "tests", "{E40A65C9-13A9-4EA6-918C-5A7BA10F48B3}"
EndProject
Project("{FAE04EC0-301F-11D3-BF4B-00C04F79EFBC}") = "TextFormattingTests", "tests\TextFormattingTests\TextFormattingTests.csproj", "{59307385-4C27-41B0-9DB2-DA2E142F91BA}"
EndProject
Project("{FAE04EC0-301F-11D3-BF4B-00C04F79EFBC}") = "BlowingFuseTests", "tests\BlowingFuseTests\BlowingFuseTests.csproj", "{A2459BAF-E2C3-4E8C-A4FA-C14C2BA3342A}"
EndProject
Project("{FAE04EC0-301F-11D3-BF4B-00C04F79EFBC}") = "RookMovementsTest", "tests\RookMovementsTest\RookMovementsTest.csproj", "{C7005847-2584-4AD8-B435-EA434FF7C997}"
EndProject
Project("{2150E333-8FDC-42A3-9474-1A3956D46DE8}") = "src", "src", "{60C324E6-2EC9-49E5-AB72-8F515D9584DE}"
EndProject
Project("{FAE04EC0-301F-11D3-BF4B-00C04F79EFBC}") = "1D Spreadseet", "src\1D Spreadseet\1D Spreadseet.csproj", "{413CA8A4-1BF0-4A3D-9B1A-5BC4D4C0339B}"
EndProject
Project("{FAE04EC0-301F-11D3-BF4B-00C04F79EFBC}") = "BankRobbers", "src\BankRobbers\BankRobbers.csproj", "{A64C134E-2A29-4F3D-AE1C-A59F0364E6FA}"
EndProject
Project("{FAE04EC0-301F-11D3-BF4B-00C04F79EFBC}") = "BlowingFuse", "src\BlowingFuse\BlowingFuse.csproj", "{A785416A-748F-4AF6-A931-B16D5BB34379}"
EndProject
Project("{FAE04EC0-301F-11D3-BF4B-00C04F79EFBC}") = "ChuckNorris", "src\ChuckNorris\ChuckNorris.csproj", "{70955371-65D5-45E9-A087-DE009E0D05F8}"
EndProject
Project("{FAE04EC0-301F-11D3-BF4B-00C04F79EFBC}") = "Code4Life", "src\Code4Life\Code4Life.csproj", "{D514D905-1634-41E9-AB62-B229185AA4C3}"
EndProject
Project("{FAE04EC0-301F-11D3-BF4B-00C04F79EFBC}") = "EnigmaMachine", "src\EnigmaMachine\EnigmaMachine.csproj", "{FDCF1DBC-A792-4D56-AA3F-916E7E4AADC7}"
EndProject
Project("{FAE04EC0-301F-11D3-BF4B-00C04F79EFBC}") = "HiddenWord", "src\HiddenWord\HiddenWord.csproj", "{363F9291-D509-4905-B59D-E0982E4BA5AA}"
EndProject
Project("{FAE04EC0-301F-11D3-BF4B-00C04F79EFBC}") = "OrderOfSuccession", "src\OrderOfSuccession\OrderOfSuccession.csproj", "{5953936C-633B-406F-B6F3-51E37AA32143}"
EndProject
Project("{FAE04EC0-301F-11D3-BF4B-00C04F79EFBC}") = "RectanglePartition", "src\RectanglePartition\RectanglePartition.csproj", "{8AD22E28-5881-4698-B981-DBBA1BFE6B27}"
EndProject
Project("{FAE04EC0-301F-11D3-BF4B-00C04F79EFBC}") = "Rooks Movements", "src\Rooks Movements\Rooks Movements.csproj", "{8C32C000-07C6-4FDA-9CA6-D188D29B415F}"
EndProject
Project("{FAE04EC0-301F-11D3-BF4B-00C04F79EFBC}") = "TextFormatting", "src\TextFormatting\TextFormatting.csproj", "{10271684-959C-4722-86F2-0CDFAB634D8B}"
EndProject
Project("{FAE04EC0-301F-11D3-BF4B-00C04F79EFBC}") = "TheRiverI", "src\TheRiverI\TheRiverI.csproj", "{107EF186-3347-47FC-BA78-49DC34E8C21B}"
EndProject
Project("{FAE04EC0-301F-11D3-BF4B-00C04F79EFBC}") = "TuringMachine", "src\TuringMachine\TuringMachine.csproj", "{6CB6D2B5-0C58-4877-86B4-130973E0A137}"
EndProject
Project("{FAE04EC0-301F-11D3-BF4B-00C04F79EFBC}") = "XmasRush", "src\XmasRush\XmasRush.csproj", "{AEE9B939-540B-4809-99B1-171712BFEB0B}"
EndProject
Project("{FAE04EC0-301F-11D3-BF4B-00C04F79EFBC}") = "brackets_extreme", "src\brackets_extreme\brackets_extreme.csproj", "{89563866-D370-4534-B9D7-D6B369AF7668}"
EndProject
Project("{FAE04EC0-301F-11D3-BF4B-00C04F79EFBC}") = "HowTimeFlies", "src\HowTimeFlies\HowTimeFlies.csproj", "{79032685-28ED-4A03-822B-21530FC6F0AB}"
EndProject
Project("{FAE04EC0-301F-11D3-BF4B-00C04F79EFBC}") = "HowTimeFliesTests", "tests\HowTimeFliesTests\HowTimeFliesTests.csproj", "{BE6D78A4-4E6F-4D3E-83B9-9E2CEE1196B8}"
EndProject
Global
	GlobalSection(SolutionConfigurationPlatforms) = preSolution
		Debug|Any CPU = Debug|Any CPU
		Debug|x64 = Debug|x64
		Debug|x86 = Debug|x86
		Release|Any CPU = Release|Any CPU
		Release|x64 = Release|x64
		Release|x86 = Release|x86
	EndGlobalSection
	GlobalSection(SolutionProperties) = preSolution
		HideSolutionNode = FALSE
	EndGlobalSection
	GlobalSection(ProjectConfigurationPlatforms) = postSolution
		{59307385-4C27-41B0-9DB2-DA2E142F91BA}.Debug|Any CPU.ActiveCfg = Debug|Any CPU
		{59307385-4C27-41B0-9DB2-DA2E142F91BA}.Debug|Any CPU.Build.0 = Debug|Any CPU
		{59307385-4C27-41B0-9DB2-DA2E142F91BA}.Debug|x64.ActiveCfg = Debug|Any CPU
		{59307385-4C27-41B0-9DB2-DA2E142F91BA}.Debug|x64.Build.0 = Debug|Any CPU
		{59307385-4C27-41B0-9DB2-DA2E142F91BA}.Debug|x86.ActiveCfg = Debug|Any CPU
		{59307385-4C27-41B0-9DB2-DA2E142F91BA}.Debug|x86.Build.0 = Debug|Any CPU
		{59307385-4C27-41B0-9DB2-DA2E142F91BA}.Release|Any CPU.ActiveCfg = Release|Any CPU
		{59307385-4C27-41B0-9DB2-DA2E142F91BA}.Release|Any CPU.Build.0 = Release|Any CPU
		{59307385-4C27-41B0-9DB2-DA2E142F91BA}.Release|x64.ActiveCfg = Release|Any CPU
		{59307385-4C27-41B0-9DB2-DA2E142F91BA}.Release|x64.Build.0 = Release|Any CPU
		{59307385-4C27-41B0-9DB2-DA2E142F91BA}.Release|x86.ActiveCfg = Release|Any CPU
		{59307385-4C27-41B0-9DB2-DA2E142F91BA}.Release|x86.Build.0 = Release|Any CPU
		{A2459BAF-E2C3-4E8C-A4FA-C14C2BA3342A}.Debug|Any CPU.ActiveCfg = Debug|Any CPU
		{A2459BAF-E2C3-4E8C-A4FA-C14C2BA3342A}.Debug|Any CPU.Build.0 = Debug|Any CPU
		{A2459BAF-E2C3-4E8C-A4FA-C14C2BA3342A}.Debug|x64.ActiveCfg = Debug|Any CPU
		{A2459BAF-E2C3-4E8C-A4FA-C14C2BA3342A}.Debug|x64.Build.0 = Debug|Any CPU
		{A2459BAF-E2C3-4E8C-A4FA-C14C2BA3342A}.Debug|x86.ActiveCfg = Debug|Any CPU
		{A2459BAF-E2C3-4E8C-A4FA-C14C2BA3342A}.Debug|x86.Build.0 = Debug|Any CPU
		{A2459BAF-E2C3-4E8C-A4FA-C14C2BA3342A}.Release|Any CPU.ActiveCfg = Release|Any CPU
		{A2459BAF-E2C3-4E8C-A4FA-C14C2BA3342A}.Release|Any CPU.Build.0 = Release|Any CPU
		{A2459BAF-E2C3-4E8C-A4FA-C14C2BA3342A}.Release|x64.ActiveCfg = Release|Any CPU
		{A2459BAF-E2C3-4E8C-A4FA-C14C2BA3342A}.Release|x64.Build.0 = Release|Any CPU
		{A2459BAF-E2C3-4E8C-A4FA-C14C2BA3342A}.Release|x86.ActiveCfg = Release|Any CPU
		{A2459BAF-E2C3-4E8C-A4FA-C14C2BA3342A}.Release|x86.Build.0 = Release|Any CPU
		{C7005847-2584-4AD8-B435-EA434FF7C997}.Debug|Any CPU.ActiveCfg = Debug|Any CPU
		{C7005847-2584-4AD8-B435-EA434FF7C997}.Debug|Any CPU.Build.0 = Debug|Any CPU
		{C7005847-2584-4AD8-B435-EA434FF7C997}.Debug|x64.ActiveCfg = Debug|Any CPU
		{C7005847-2584-4AD8-B435-EA434FF7C997}.Debug|x64.Build.0 = Debug|Any CPU
		{C7005847-2584-4AD8-B435-EA434FF7C997}.Debug|x86.ActiveCfg = Debug|Any CPU
		{C7005847-2584-4AD8-B435-EA434FF7C997}.Debug|x86.Build.0 = Debug|Any CPU
		{C7005847-2584-4AD8-B435-EA434FF7C997}.Release|Any CPU.ActiveCfg = Release|Any CPU
		{C7005847-2584-4AD8-B435-EA434FF7C997}.Release|Any CPU.Build.0 = Release|Any CPU
		{C7005847-2584-4AD8-B435-EA434FF7C997}.Release|x64.ActiveCfg = Release|Any CPU
		{C7005847-2584-4AD8-B435-EA434FF7C997}.Release|x64.Build.0 = Release|Any CPU
		{C7005847-2584-4AD8-B435-EA434FF7C997}.Release|x86.ActiveCfg = Release|Any CPU
		{C7005847-2584-4AD8-B435-EA434FF7C997}.Release|x86.Build.0 = Release|Any CPU
		{413CA8A4-1BF0-4A3D-9B1A-5BC4D4C0339B}.Debug|Any CPU.ActiveCfg = Debug|Any CPU
		{413CA8A4-1BF0-4A3D-9B1A-5BC4D4C0339B}.Debug|Any CPU.Build.0 = Debug|Any CPU
		{413CA8A4-1BF0-4A3D-9B1A-5BC4D4C0339B}.Debug|x64.ActiveCfg = Debug|Any CPU
		{413CA8A4-1BF0-4A3D-9B1A-5BC4D4C0339B}.Debug|x64.Build.0 = Debug|Any CPU
		{413CA8A4-1BF0-4A3D-9B1A-5BC4D4C0339B}.Debug|x86.ActiveCfg = Debug|Any CPU
		{413CA8A4-1BF0-4A3D-9B1A-5BC4D4C0339B}.Debug|x86.Build.0 = Debug|Any CPU
		{413CA8A4-1BF0-4A3D-9B1A-5BC4D4C0339B}.Release|Any CPU.ActiveCfg = Release|Any CPU
		{413CA8A4-1BF0-4A3D-9B1A-5BC4D4C0339B}.Release|Any CPU.Build.0 = Release|Any CPU
		{413CA8A4-1BF0-4A3D-9B1A-5BC4D4C0339B}.Release|x64.ActiveCfg = Release|Any CPU
		{413CA8A4-1BF0-4A3D-9B1A-5BC4D4C0339B}.Release|x64.Build.0 = Release|Any CPU
		{413CA8A4-1BF0-4A3D-9B1A-5BC4D4C0339B}.Release|x86.ActiveCfg = Release|Any CPU
		{413CA8A4-1BF0-4A3D-9B1A-5BC4D4C0339B}.Release|x86.Build.0 = Release|Any CPU
		{A64C134E-2A29-4F3D-AE1C-A59F0364E6FA}.Debug|Any CPU.ActiveCfg = Debug|Any CPU
		{A64C134E-2A29-4F3D-AE1C-A59F0364E6FA}.Debug|Any CPU.Build.0 = Debug|Any CPU
		{A64C134E-2A29-4F3D-AE1C-A59F0364E6FA}.Debug|x64.ActiveCfg = Debug|Any CPU
		{A64C134E-2A29-4F3D-AE1C-A59F0364E6FA}.Debug|x64.Build.0 = Debug|Any CPU
		{A64C134E-2A29-4F3D-AE1C-A59F0364E6FA}.Debug|x86.ActiveCfg = Debug|Any CPU
		{A64C134E-2A29-4F3D-AE1C-A59F0364E6FA}.Debug|x86.Build.0 = Debug|Any CPU
		{A64C134E-2A29-4F3D-AE1C-A59F0364E6FA}.Release|Any CPU.ActiveCfg = Release|Any CPU
		{A64C134E-2A29-4F3D-AE1C-A59F0364E6FA}.Release|Any CPU.Build.0 = Release|Any CPU
		{A64C134E-2A29-4F3D-AE1C-A59F0364E6FA}.Release|x64.ActiveCfg = Release|Any CPU
		{A64C134E-2A29-4F3D-AE1C-A59F0364E6FA}.Release|x64.Build.0 = Release|Any CPU
		{A64C134E-2A29-4F3D-AE1C-A59F0364E6FA}.Release|x86.ActiveCfg = Release|Any CPU
		{A64C134E-2A29-4F3D-AE1C-A59F0364E6FA}.Release|x86.Build.0 = Release|Any CPU
		{A785416A-748F-4AF6-A931-B16D5BB34379}.Debug|Any CPU.ActiveCfg = Debug|Any CPU
		{A785416A-748F-4AF6-A931-B16D5BB34379}.Debug|Any CPU.Build.0 = Debug|Any CPU
		{A785416A-748F-4AF6-A931-B16D5BB34379}.Debug|x64.ActiveCfg = Debug|Any CPU
		{A785416A-748F-4AF6-A931-B16D5BB34379}.Debug|x64.Build.0 = Debug|Any CPU
		{A785416A-748F-4AF6-A931-B16D5BB34379}.Debug|x86.ActiveCfg = Debug|Any CPU
		{A785416A-748F-4AF6-A931-B16D5BB34379}.Debug|x86.Build.0 = Debug|Any CPU
		{A785416A-748F-4AF6-A931-B16D5BB34379}.Release|Any CPU.ActiveCfg = Release|Any CPU
		{A785416A-748F-4AF6-A931-B16D5BB34379}.Release|Any CPU.Build.0 = Release|Any CPU
		{A785416A-748F-4AF6-A931-B16D5BB34379}.Release|x64.ActiveCfg = Release|Any CPU
		{A785416A-748F-4AF6-A931-B16D5BB34379}.Release|x64.Build.0 = Release|Any CPU
		{A785416A-748F-4AF6-A931-B16D5BB34379}.Release|x86.ActiveCfg = Release|Any CPU
		{A785416A-748F-4AF6-A931-B16D5BB34379}.Release|x86.Build.0 = Release|Any CPU
		{70955371-65D5-45E9-A087-DE009E0D05F8}.Debug|Any CPU.ActiveCfg = Debug|Any CPU
		{70955371-65D5-45E9-A087-DE009E0D05F8}.Debug|Any CPU.Build.0 = Debug|Any CPU
		{70955371-65D5-45E9-A087-DE009E0D05F8}.Debug|x64.ActiveCfg = Debug|Any CPU
		{70955371-65D5-45E9-A087-DE009E0D05F8}.Debug|x64.Build.0 = Debug|Any CPU
		{70955371-65D5-45E9-A087-DE009E0D05F8}.Debug|x86.ActiveCfg = Debug|Any CPU
		{70955371-65D5-45E9-A087-DE009E0D05F8}.Debug|x86.Build.0 = Debug|Any CPU
		{70955371-65D5-45E9-A087-DE009E0D05F8}.Release|Any CPU.ActiveCfg = Release|Any CPU
		{70955371-65D5-45E9-A087-DE009E0D05F8}.Release|Any CPU.Build.0 = Release|Any CPU
		{70955371-65D5-45E9-A087-DE009E0D05F8}.Release|x64.ActiveCfg = Release|Any CPU
		{70955371-65D5-45E9-A087-DE009E0D05F8}.Release|x64.Build.0 = Release|Any CPU
		{70955371-65D5-45E9-A087-DE009E0D05F8}.Release|x86.ActiveCfg = Release|Any CPU
		{70955371-65D5-45E9-A087-DE009E0D05F8}.Release|x86.Build.0 = Release|Any CPU
		{D514D905-1634-41E9-AB62-B229185AA4C3}.Debug|Any CPU.ActiveCfg = Debug|Any CPU
		{D514D905-1634-41E9-AB62-B229185AA4C3}.Debug|Any CPU.Build.0 = Debug|Any CPU
		{D514D905-1634-41E9-AB62-B229185AA4C3}.Debug|x64.ActiveCfg = Debug|Any CPU
		{D514D905-1634-41E9-AB62-B229185AA4C3}.Debug|x64.Build.0 = Debug|Any CPU
		{D514D905-1634-41E9-AB62-B229185AA4C3}.Debug|x86.ActiveCfg = Debug|Any CPU
		{D514D905-1634-41E9-AB62-B229185AA4C3}.Debug|x86.Build.0 = Debug|Any CPU
		{D514D905-1634-41E9-AB62-B229185AA4C3}.Release|Any CPU.ActiveCfg = Release|Any CPU
		{D514D905-1634-41E9-AB62-B229185AA4C3}.Release|Any CPU.Build.0 = Release|Any CPU
		{D514D905-1634-41E9-AB62-B229185AA4C3}.Release|x64.ActiveCfg = Release|Any CPU
		{D514D905-1634-41E9-AB62-B229185AA4C3}.Release|x64.Build.0 = Release|Any CPU
		{D514D905-1634-41E9-AB62-B229185AA4C3}.Release|x86.ActiveCfg = Release|Any CPU
		{D514D905-1634-41E9-AB62-B229185AA4C3}.Release|x86.Build.0 = Release|Any CPU
		{FDCF1DBC-A792-4D56-AA3F-916E7E4AADC7}.Debug|Any CPU.ActiveCfg = Debug|Any CPU
		{FDCF1DBC-A792-4D56-AA3F-916E7E4AADC7}.Debug|Any CPU.Build.0 = Debug|Any CPU
		{FDCF1DBC-A792-4D56-AA3F-916E7E4AADC7}.Debug|x64.ActiveCfg = Debug|Any CPU
		{FDCF1DBC-A792-4D56-AA3F-916E7E4AADC7}.Debug|x64.Build.0 = Debug|Any CPU
		{FDCF1DBC-A792-4D56-AA3F-916E7E4AADC7}.Debug|x86.ActiveCfg = Debug|Any CPU
		{FDCF1DBC-A792-4D56-AA3F-916E7E4AADC7}.Debug|x86.Build.0 = Debug|Any CPU
		{FDCF1DBC-A792-4D56-AA3F-916E7E4AADC7}.Release|Any CPU.ActiveCfg = Release|Any CPU
		{FDCF1DBC-A792-4D56-AA3F-916E7E4AADC7}.Release|Any CPU.Build.0 = Release|Any CPU
		{FDCF1DBC-A792-4D56-AA3F-916E7E4AADC7}.Release|x64.ActiveCfg = Release|Any CPU
		{FDCF1DBC-A792-4D56-AA3F-916E7E4AADC7}.Release|x64.Build.0 = Release|Any CPU
		{FDCF1DBC-A792-4D56-AA3F-916E7E4AADC7}.Release|x86.ActiveCfg = Release|Any CPU
		{FDCF1DBC-A792-4D56-AA3F-916E7E4AADC7}.Release|x86.Build.0 = Release|Any CPU
		{363F9291-D509-4905-B59D-E0982E4BA5AA}.Debug|Any CPU.ActiveCfg = Debug|Any CPU
		{363F9291-D509-4905-B59D-E0982E4BA5AA}.Debug|Any CPU.Build.0 = Debug|Any CPU
		{363F9291-D509-4905-B59D-E0982E4BA5AA}.Debug|x64.ActiveCfg = Debug|Any CPU
		{363F9291-D509-4905-B59D-E0982E4BA5AA}.Debug|x64.Build.0 = Debug|Any CPU
		{363F9291-D509-4905-B59D-E0982E4BA5AA}.Debug|x86.ActiveCfg = Debug|Any CPU
		{363F9291-D509-4905-B59D-E0982E4BA5AA}.Debug|x86.Build.0 = Debug|Any CPU
		{363F9291-D509-4905-B59D-E0982E4BA5AA}.Release|Any CPU.ActiveCfg = Release|Any CPU
		{363F9291-D509-4905-B59D-E0982E4BA5AA}.Release|Any CPU.Build.0 = Release|Any CPU
		{363F9291-D509-4905-B59D-E0982E4BA5AA}.Release|x64.ActiveCfg = Release|Any CPU
		{363F9291-D509-4905-B59D-E0982E4BA5AA}.Release|x64.Build.0 = Release|Any CPU
		{363F9291-D509-4905-B59D-E0982E4BA5AA}.Release|x86.ActiveCfg = Release|Any CPU
		{363F9291-D509-4905-B59D-E0982E4BA5AA}.Release|x86.Build.0 = Release|Any CPU
		{5953936C-633B-406F-B6F3-51E37AA32143}.Debug|Any CPU.ActiveCfg = Debug|Any CPU
		{5953936C-633B-406F-B6F3-51E37AA32143}.Debug|Any CPU.Build.0 = Debug|Any CPU
		{5953936C-633B-406F-B6F3-51E37AA32143}.Debug|x64.ActiveCfg = Debug|Any CPU
		{5953936C-633B-406F-B6F3-51E37AA32143}.Debug|x64.Build.0 = Debug|Any CPU
		{5953936C-633B-406F-B6F3-51E37AA32143}.Debug|x86.ActiveCfg = Debug|Any CPU
		{5953936C-633B-406F-B6F3-51E37AA32143}.Debug|x86.Build.0 = Debug|Any CPU
		{5953936C-633B-406F-B6F3-51E37AA32143}.Release|Any CPU.ActiveCfg = Release|Any CPU
		{5953936C-633B-406F-B6F3-51E37AA32143}.Release|Any CPU.Build.0 = Release|Any CPU
		{5953936C-633B-406F-B6F3-51E37AA32143}.Release|x64.ActiveCfg = Release|Any CPU
		{5953936C-633B-406F-B6F3-51E37AA32143}.Release|x64.Build.0 = Release|Any CPU
		{5953936C-633B-406F-B6F3-51E37AA32143}.Release|x86.ActiveCfg = Release|Any CPU
		{5953936C-633B-406F-B6F3-51E37AA32143}.Release|x86.Build.0 = Release|Any CPU
		{8AD22E28-5881-4698-B981-DBBA1BFE6B27}.Debug|Any CPU.ActiveCfg = Debug|Any CPU
		{8AD22E28-5881-4698-B981-DBBA1BFE6B27}.Debug|Any CPU.Build.0 = Debug|Any CPU
		{8AD22E28-5881-4698-B981-DBBA1BFE6B27}.Debug|x64.ActiveCfg = Debug|Any CPU
		{8AD22E28-5881-4698-B981-DBBA1BFE6B27}.Debug|x64.Build.0 = Debug|Any CPU
		{8AD22E28-5881-4698-B981-DBBA1BFE6B27}.Debug|x86.ActiveCfg = Debug|Any CPU
		{8AD22E28-5881-4698-B981-DBBA1BFE6B27}.Debug|x86.Build.0 = Debug|Any CPU
		{8AD22E28-5881-4698-B981-DBBA1BFE6B27}.Release|Any CPU.ActiveCfg = Release|Any CPU
		{8AD22E28-5881-4698-B981-DBBA1BFE6B27}.Release|Any CPU.Build.0 = Release|Any CPU
		{8AD22E28-5881-4698-B981-DBBA1BFE6B27}.Release|x64.ActiveCfg = Release|Any CPU
		{8AD22E28-5881-4698-B981-DBBA1BFE6B27}.Release|x64.Build.0 = Release|Any CPU
		{8AD22E28-5881-4698-B981-DBBA1BFE6B27}.Release|x86.ActiveCfg = Release|Any CPU
		{8AD22E28-5881-4698-B981-DBBA1BFE6B27}.Release|x86.Build.0 = Release|Any CPU
		{8C32C000-07C6-4FDA-9CA6-D188D29B415F}.Debug|Any CPU.ActiveCfg = Debug|Any CPU
		{8C32C000-07C6-4FDA-9CA6-D188D29B415F}.Debug|Any CPU.Build.0 = Debug|Any CPU
		{8C32C000-07C6-4FDA-9CA6-D188D29B415F}.Debug|x64.ActiveCfg = Debug|Any CPU
		{8C32C000-07C6-4FDA-9CA6-D188D29B415F}.Debug|x64.Build.0 = Debug|Any CPU
		{8C32C000-07C6-4FDA-9CA6-D188D29B415F}.Debug|x86.ActiveCfg = Debug|Any CPU
		{8C32C000-07C6-4FDA-9CA6-D188D29B415F}.Debug|x86.Build.0 = Debug|Any CPU
		{8C32C000-07C6-4FDA-9CA6-D188D29B415F}.Release|Any CPU.ActiveCfg = Release|Any CPU
		{8C32C000-07C6-4FDA-9CA6-D188D29B415F}.Release|Any CPU.Build.0 = Release|Any CPU
		{8C32C000-07C6-4FDA-9CA6-D188D29B415F}.Release|x64.ActiveCfg = Release|Any CPU
		{8C32C000-07C6-4FDA-9CA6-D188D29B415F}.Release|x64.Build.0 = Release|Any CPU
		{8C32C000-07C6-4FDA-9CA6-D188D29B415F}.Release|x86.ActiveCfg = Release|Any CPU
		{8C32C000-07C6-4FDA-9CA6-D188D29B415F}.Release|x86.Build.0 = Release|Any CPU
		{10271684-959C-4722-86F2-0CDFAB634D8B}.Debug|Any CPU.ActiveCfg = Debug|Any CPU
		{10271684-959C-4722-86F2-0CDFAB634D8B}.Debug|Any CPU.Build.0 = Debug|Any CPU
		{10271684-959C-4722-86F2-0CDFAB634D8B}.Debug|x64.ActiveCfg = Debug|Any CPU
		{10271684-959C-4722-86F2-0CDFAB634D8B}.Debug|x64.Build.0 = Debug|Any CPU
		{10271684-959C-4722-86F2-0CDFAB634D8B}.Debug|x86.ActiveCfg = Debug|Any CPU
		{10271684-959C-4722-86F2-0CDFAB634D8B}.Debug|x86.Build.0 = Debug|Any CPU
		{10271684-959C-4722-86F2-0CDFAB634D8B}.Release|Any CPU.ActiveCfg = Release|Any CPU
		{10271684-959C-4722-86F2-0CDFAB634D8B}.Release|Any CPU.Build.0 = Release|Any CPU
		{10271684-959C-4722-86F2-0CDFAB634D8B}.Release|x64.ActiveCfg = Release|Any CPU
		{10271684-959C-4722-86F2-0CDFAB634D8B}.Release|x64.Build.0 = Release|Any CPU
		{10271684-959C-4722-86F2-0CDFAB634D8B}.Release|x86.ActiveCfg = Release|Any CPU
		{10271684-959C-4722-86F2-0CDFAB634D8B}.Release|x86.Build.0 = Release|Any CPU
		{107EF186-3347-47FC-BA78-49DC34E8C21B}.Debug|Any CPU.ActiveCfg = Debug|Any CPU
		{107EF186-3347-47FC-BA78-49DC34E8C21B}.Debug|Any CPU.Build.0 = Debug|Any CPU
		{107EF186-3347-47FC-BA78-49DC34E8C21B}.Debug|x64.ActiveCfg = Debug|Any CPU
		{107EF186-3347-47FC-BA78-49DC34E8C21B}.Debug|x64.Build.0 = Debug|Any CPU
		{107EF186-3347-47FC-BA78-49DC34E8C21B}.Debug|x86.ActiveCfg = Debug|Any CPU
		{107EF186-3347-47FC-BA78-49DC34E8C21B}.Debug|x86.Build.0 = Debug|Any CPU
		{107EF186-3347-47FC-BA78-49DC34E8C21B}.Release|Any CPU.ActiveCfg = Release|Any CPU
		{107EF186-3347-47FC-BA78-49DC34E8C21B}.Release|Any CPU.Build.0 = Release|Any CPU
		{107EF186-3347-47FC-BA78-49DC34E8C21B}.Release|x64.ActiveCfg = Release|Any CPU
		{107EF186-3347-47FC-BA78-49DC34E8C21B}.Release|x64.Build.0 = Release|Any CPU
		{107EF186-3347-47FC-BA78-49DC34E8C21B}.Release|x86.ActiveCfg = Release|Any CPU
		{107EF186-3347-47FC-BA78-49DC34E8C21B}.Release|x86.Build.0 = Release|Any CPU
		{6CB6D2B5-0C58-4877-86B4-130973E0A137}.Debug|Any CPU.ActiveCfg = Debug|Any CPU
		{6CB6D2B5-0C58-4877-86B4-130973E0A137}.Debug|Any CPU.Build.0 = Debug|Any CPU
		{6CB6D2B5-0C58-4877-86B4-130973E0A137}.Debug|x64.ActiveCfg = Debug|Any CPU
		{6CB6D2B5-0C58-4877-86B4-130973E0A137}.Debug|x64.Build.0 = Debug|Any CPU
		{6CB6D2B5-0C58-4877-86B4-130973E0A137}.Debug|x86.ActiveCfg = Debug|Any CPU
		{6CB6D2B5-0C58-4877-86B4-130973E0A137}.Debug|x86.Build.0 = Debug|Any CPU
		{6CB6D2B5-0C58-4877-86B4-130973E0A137}.Release|Any CPU.ActiveCfg = Release|Any CPU
		{6CB6D2B5-0C58-4877-86B4-130973E0A137}.Release|Any CPU.Build.0 = Release|Any CPU
		{6CB6D2B5-0C58-4877-86B4-130973E0A137}.Release|x64.ActiveCfg = Release|Any CPU
		{6CB6D2B5-0C58-4877-86B4-130973E0A137}.Release|x64.Build.0 = Release|Any CPU
		{6CB6D2B5-0C58-4877-86B4-130973E0A137}.Release|x86.ActiveCfg = Release|Any CPU
		{6CB6D2B5-0C58-4877-86B4-130973E0A137}.Release|x86.Build.0 = Release|Any CPU
		{AEE9B939-540B-4809-99B1-171712BFEB0B}.Debug|Any CPU.ActiveCfg = Debug|Any CPU
		{AEE9B939-540B-4809-99B1-171712BFEB0B}.Debug|Any CPU.Build.0 = Debug|Any CPU
		{AEE9B939-540B-4809-99B1-171712BFEB0B}.Debug|x64.ActiveCfg = Debug|Any CPU
		{AEE9B939-540B-4809-99B1-171712BFEB0B}.Debug|x64.Build.0 = Debug|Any CPU
		{AEE9B939-540B-4809-99B1-171712BFEB0B}.Debug|x86.ActiveCfg = Debug|Any CPU
		{AEE9B939-540B-4809-99B1-171712BFEB0B}.Debug|x86.Build.0 = Debug|Any CPU
		{AEE9B939-540B-4809-99B1-171712BFEB0B}.Release|Any CPU.ActiveCfg = Release|Any CPU
		{AEE9B939-540B-4809-99B1-171712BFEB0B}.Release|Any CPU.Build.0 = Release|Any CPU
		{AEE9B939-540B-4809-99B1-171712BFEB0B}.Release|x64.ActiveCfg = Release|Any CPU
		{AEE9B939-540B-4809-99B1-171712BFEB0B}.Release|x64.Build.0 = Release|Any CPU
		{AEE9B939-540B-4809-99B1-171712BFEB0B}.Release|x86.ActiveCfg = Release|Any CPU
		{AEE9B939-540B-4809-99B1-171712BFEB0B}.Release|x86.Build.0 = Release|Any CPU
		{89563866-D370-4534-B9D7-D6B369AF7668}.Debug|Any CPU.ActiveCfg = Debug|Any CPU
		{89563866-D370-4534-B9D7-D6B369AF7668}.Debug|Any CPU.Build.0 = Debug|Any CPU
		{89563866-D370-4534-B9D7-D6B369AF7668}.Debug|x64.ActiveCfg = Debug|Any CPU
		{89563866-D370-4534-B9D7-D6B369AF7668}.Debug|x64.Build.0 = Debug|Any CPU
		{89563866-D370-4534-B9D7-D6B369AF7668}.Debug|x86.ActiveCfg = Debug|Any CPU
		{89563866-D370-4534-B9D7-D6B369AF7668}.Debug|x86.Build.0 = Debug|Any CPU
		{89563866-D370-4534-B9D7-D6B369AF7668}.Release|Any CPU.ActiveCfg = Release|Any CPU
		{89563866-D370-4534-B9D7-D6B369AF7668}.Release|Any CPU.Build.0 = Release|Any CPU
		{89563866-D370-4534-B9D7-D6B369AF7668}.Release|x64.ActiveCfg = Release|Any CPU
		{89563866-D370-4534-B9D7-D6B369AF7668}.Release|x64.Build.0 = Release|Any CPU
		{89563866-D370-4534-B9D7-D6B369AF7668}.Release|x86.ActiveCfg = Release|Any CPU
		{89563866-D370-4534-B9D7-D6B369AF7668}.Release|x86.Build.0 = Release|Any CPU
		{79032685-28ED-4A03-822B-21530FC6F0AB}.Debug|Any CPU.ActiveCfg = Debug|Any CPU
		{79032685-28ED-4A03-822B-21530FC6F0AB}.Debug|Any CPU.Build.0 = Debug|Any CPU
		{79032685-28ED-4A03-822B-21530FC6F0AB}.Debug|x64.ActiveCfg = Debug|Any CPU
		{79032685-28ED-4A03-822B-21530FC6F0AB}.Debug|x64.Build.0 = Debug|Any CPU
		{79032685-28ED-4A03-822B-21530FC6F0AB}.Debug|x86.ActiveCfg = Debug|Any CPU
		{79032685-28ED-4A03-822B-21530FC6F0AB}.Debug|x86.Build.0 = Debug|Any CPU
		{79032685-28ED-4A03-822B-21530FC6F0AB}.Release|Any CPU.ActiveCfg = Release|Any CPU
		{79032685-28ED-4A03-822B-21530FC6F0AB}.Release|Any CPU.Build.0 = Release|Any CPU
		{79032685-28ED-4A03-822B-21530FC6F0AB}.Release|x64.ActiveCfg = Release|Any CPU
		{79032685-28ED-4A03-822B-21530FC6F0AB}.Release|x64.Build.0 = Release|Any CPU
		{79032685-28ED-4A03-822B-21530FC6F0AB}.Release|x86.ActiveCfg = Release|Any CPU
		{79032685-28ED-4A03-822B-21530FC6F0AB}.Release|x86.Build.0 = Release|Any CPU
		{BE6D78A4-4E6F-4D3E-83B9-9E2CEE1196B8}.Debug|Any CPU.ActiveCfg = Debug|Any CPU
		{BE6D78A4-4E6F-4D3E-83B9-9E2CEE1196B8}.Debug|Any CPU.Build.0 = Debug|Any CPU
		{BE6D78A4-4E6F-4D3E-83B9-9E2CEE1196B8}.Debug|x64.ActiveCfg = Debug|Any CPU
		{BE6D78A4-4E6F-4D3E-83B9-9E2CEE1196B8}.Debug|x64.Build.0 = Debug|Any CPU
		{BE6D78A4-4E6F-4D3E-83B9-9E2CEE1196B8}.Debug|x86.ActiveCfg = Debug|Any CPU
		{BE6D78A4-4E6F-4D3E-83B9-9E2CEE1196B8}.Debug|x86.Build.0 = Debug|Any CPU
		{BE6D78A4-4E6F-4D3E-83B9-9E2CEE1196B8}.Release|Any CPU.ActiveCfg = Release|Any CPU
		{BE6D78A4-4E6F-4D3E-83B9-9E2CEE1196B8}.Release|Any CPU.Build.0 = Release|Any CPU
		{BE6D78A4-4E6F-4D3E-83B9-9E2CEE1196B8}.Release|x64.ActiveCfg = Release|Any CPU
		{BE6D78A4-4E6F-4D3E-83B9-9E2CEE1196B8}.Release|x64.Build.0 = Release|Any CPU
		{BE6D78A4-4E6F-4D3E-83B9-9E2CEE1196B8}.Release|x86.ActiveCfg = Release|Any CPU
		{BE6D78A4-4E6F-4D3E-83B9-9E2CEE1196B8}.Release|x86.Build.0 = Release|Any CPU
	EndGlobalSection
	GlobalSection(NestedProjects) = preSolution
		{59307385-4C27-41B0-9DB2-DA2E142F91BA} = {E40A65C9-13A9-4EA6-918C-5A7BA10F48B3}
		{A2459BAF-E2C3-4E8C-A4FA-C14C2BA3342A} = {E40A65C9-13A9-4EA6-918C-5A7BA10F48B3}
		{C7005847-2584-4AD8-B435-EA434FF7C997} = {E40A65C9-13A9-4EA6-918C-5A7BA10F48B3}
		{413CA8A4-1BF0-4A3D-9B1A-5BC4D4C0339B} = {60C324E6-2EC9-49E5-AB72-8F515D9584DE}
		{A64C134E-2A29-4F3D-AE1C-A59F0364E6FA} = {60C324E6-2EC9-49E5-AB72-8F515D9584DE}
		{A785416A-748F-4AF6-A931-B16D5BB34379} = {60C324E6-2EC9-49E5-AB72-8F515D9584DE}
		{70955371-65D5-45E9-A087-DE009E0D05F8} = {60C324E6-2EC9-49E5-AB72-8F515D9584DE}
		{D514D905-1634-41E9-AB62-B229185AA4C3} = {60C324E6-2EC9-49E5-AB72-8F515D9584DE}
		{FDCF1DBC-A792-4D56-AA3F-916E7E4AADC7} = {60C324E6-2EC9-49E5-AB72-8F515D9584DE}
		{363F9291-D509-4905-B59D-E0982E4BA5AA} = {60C324E6-2EC9-49E5-AB72-8F515D9584DE}
		{5953936C-633B-406F-B6F3-51E37AA32143} = {60C324E6-2EC9-49E5-AB72-8F515D9584DE}
		{8AD22E28-5881-4698-B981-DBBA1BFE6B27} = {60C324E6-2EC9-49E5-AB72-8F515D9584DE}
		{8C32C000-07C6-4FDA-9CA6-D188D29B415F} = {60C324E6-2EC9-49E5-AB72-8F515D9584DE}
		{10271684-959C-4722-86F2-0CDFAB634D8B} = {60C324E6-2EC9-49E5-AB72-8F515D9584DE}
		{107EF186-3347-47FC-BA78-49DC34E8C21B} = {60C324E6-2EC9-49E5-AB72-8F515D9584DE}
		{6CB6D2B5-0C58-4877-86B4-130973E0A137} = {60C324E6-2EC9-49E5-AB72-8F515D9584DE}
		{AEE9B939-540B-4809-99B1-171712BFEB0B} = {60C324E6-2EC9-49E5-AB72-8F515D9584DE}
		{89563866-D370-4534-B9D7-D6B369AF7668} = {60C324E6-2EC9-49E5-AB72-8F515D9584DE}
		{79032685-28ED-4A03-822B-21530FC6F0AB} = {60C324E6-2EC9-49E5-AB72-8F515D9584DE}
		{BE6D78A4-4E6F-4D3E-83B9-9E2CEE1196B8} = {E40A65C9-13A9-4EA6-918C-5A7BA10F48B3}
	EndGlobalSection
EndGlobal
